// !$*UTF8*$!
{
	archiveVersion = 1;
	classes = {
	};
	objectVersion = 45;
	objects = {

/* Begin PBXBuildFile section */
		1D3623260D0F684500981E51 /* iProcessingAppDelegate.m in Sources */ = {isa = PBXBuildFile; fileRef = 1D3623250D0F684500981E51 /* iProcessingAppDelegate.m */; };
		1D60589B0D05DD56006BFB54 /* main.m in Sources */ = {isa = PBXBuildFile; fileRef = 29B97316FDCFA39411CA2CEA /* main.m */; };
		1D60589F0D05DD5A006BFB54 /* Foundation.framework in Frameworks */ = {isa = PBXBuildFile; fileRef = 1D30AB110D05D00D00671497 /* Foundation.framework */; };
		1DF5F4E00D08C38300B7A737 /* UIKit.framework in Frameworks */ = {isa = PBXBuildFile; fileRef = 1DF5F4DF0D08C38300B7A737 /* UIKit.framework */; };
		288765FD0DF74451002DB57D /* CoreGraphics.framework in Frameworks */ = {isa = PBXBuildFile; fileRef = 288765FC0DF74451002DB57D /* CoreGraphics.framework */; };
		28AD733F0D9D9553002E5188 /* MainWindow.xib in Resources */ = {isa = PBXBuildFile; fileRef = 28AD733E0D9D9553002E5188 /* MainWindow.xib */; };
		5D04CD7F100C4D2000D0ED13 /* LightsGL.m in Sources */ = {isa = PBXBuildFile; fileRef = 5D04CD7E100C4D2000D0ED13 /* LightsGL.m */; };
		5D04CD82100C4EB800D0ED13 /* Directional.m in Sources */ = {isa = PBXBuildFile; fileRef = 5D04CD81100C4EB800D0ED13 /* Directional.m */; };
		5D04CD88100C4F8100D0ED13 /* Lights1.m in Sources */ = {isa = PBXBuildFile; fileRef = 5D04CD87100C4F8100D0ED13 /* Lights1.m */; };
		5D04CD8B100C4FCE00D0ED13 /* Lights2.m in Sources */ = {isa = PBXBuildFile; fileRef = 5D04CD8A100C4FCE00D0ED13 /* Lights2.m */; };
		5D04CD8E100C500600D0ED13 /* Spot.m in Sources */ = {isa = PBXBuildFile; fileRef = 5D04CD8D100C500600D0ED13 /* Spot.m */; };
		5D04CD91100C504200D0ED13 /* Reflection.m in Sources */ = {isa = PBXBuildFile; fileRef = 5D04CD90100C504200D0ED13 /* Reflection.m */; };
		5D04CF3C100E10F300D0ED13 /* Premitives3D.m in Sources */ = {isa = PBXBuildFile; fileRef = 5D04CF3B100E10F300D0ED13 /* Premitives3D.m */; };
		5D04CF3F100E117700D0ED13 /* ShapeTransform.m in Sources */ = {isa = PBXBuildFile; fileRef = 5D04CF3E100E117700D0ED13 /* ShapeTransform.m */; };
		5D04CF46100E12DA00D0ED13 /* Vertices3D.m in Sources */ = {isa = PBXBuildFile; fileRef = 5D04CF45100E12DA00D0ED13 /* Vertices3D.m */; };
		5D260A010FF5EDD000E0C0FC /* ShapePrimitives.m in Sources */ = {isa = PBXBuildFile; fileRef = 5D260A000FF5EDD000E0C0FC /* ShapePrimitives.m */; };
		5D260A030FF5EDDC00E0C0FC /* Vertices.m in Sources */ = {isa = PBXBuildFile; fileRef = 5D2609FB0FF5EBBC00E0C0FC /* Vertices.m */; };
		5D260B2E0FF69CCD00E0C0FC /* TriangleStrip.m in Sources */ = {isa = PBXBuildFile; fileRef = 5D260B2D0FF69CCD00E0C0FC /* TriangleStrip.m */; };
		5DA3EDF10FE6AEEC0028380E /* Processing.h in Headers */ = {isa = PBXBuildFile; fileRef = 5DA3EDD50FE6AEEC0028380E /* Processing.h */; };
		5DA3EDF20FE6AEEC0028380E /* Processing+transformation.m in Sources */ = {isa = PBXBuildFile; fileRef = 5DA3EDD60FE6AEEC0028380E /* Processing+transformation.m */; };
		5DA3EDF30FE6AEEC0028380E /* Processing+transformation.h in Headers */ = {isa = PBXBuildFile; fileRef = 5DA3EDD70FE6AEEC0028380E /* Processing+transformation.h */; };
		5DA3EDF40FE6AEEC0028380E /* Processing+image.m in Sources */ = {isa = PBXBuildFile; fileRef = 5DA3EDD80FE6AEEC0028380E /* Processing+image.m */; };
		5DA3EDF50FE6AEEC0028380E /* Processing+image.h in Headers */ = {isa = PBXBuildFile; fileRef = 5DA3EDD90FE6AEEC0028380E /* Processing+image.h */; };
		5DA3EDF60FE6AEEC0028380E /* Processing+math.m in Sources */ = {isa = PBXBuildFile; fileRef = 5DA3EDDA0FE6AEEC0028380E /* Processing+math.m */; };
		5DA3EDF70FE6AEEC0028380E /* Processing+text.h in Headers */ = {isa = PBXBuildFile; fileRef = 5DA3EDDB0FE6AEEC0028380E /* Processing+text.h */; };
		5DA3EDF80FE6AEEC0028380E /* Processing+text.m in Sources */ = {isa = PBXBuildFile; fileRef = 5DA3EDDC0FE6AEEC0028380E /* Processing+text.m */; };
		5DA3EDFA0FE6AEEC0028380E /* Processing+color.h in Headers */ = {isa = PBXBuildFile; fileRef = 5DA3EDDE0FE6AEEC0028380E /* Processing+color.h */; };
		5DA3EDFC0FE6AEEC0028380E /* Processing+color.m in Sources */ = {isa = PBXBuildFile; fileRef = 5DA3EDE00FE6AEEC0028380E /* Processing+color.m */; };
		5DA3EDFD0FE6AEEC0028380E /* Processing+shape.h in Headers */ = {isa = PBXBuildFile; fileRef = 5DA3EDE10FE6AEEC0028380E /* Processing+shape.h */; };
		5DA3EDFE0FE6AEEC0028380E /* Processing+shape.m in Sources */ = {isa = PBXBuildFile; fileRef = 5DA3EDE20FE6AEEC0028380E /* Processing+shape.m */; };
		5DA3EE010FE6AEEC0028380E /* Processing+core.m in Sources */ = {isa = PBXBuildFile; fileRef = 5DA3EDE50FE6AEEC0028380E /* Processing+core.m */; };
		5DA3EE020FE6AEEC0028380E /* ProcessingMacros.h in Headers */ = {isa = PBXBuildFile; fileRef = 5DA3EDE60FE6AEEC0028380E /* ProcessingMacros.h */; };
		5DA3EE030FE6AEEC0028380E /* Processing+math.h in Headers */ = {isa = PBXBuildFile; fileRef = 5DA3EDE70FE6AEEC0028380E /* Processing+math.h */; };
		5DA3EE080FE6AEEC0028380E /* Processing+core.h in Headers */ = {isa = PBXBuildFile; fileRef = 5DA3EDED0FE6AEEC0028380E /* Processing+core.h */; };
		5DA3EE260FE6B35F0028380E /* OpenGLES.framework in Frameworks */ = {isa = PBXBuildFile; fileRef = 5DA3EE250FE6B35E0028380E /* OpenGLES.framework */; };
		5DA3EE420FE6B36F0028380E /* QuartzCore.framework in Frameworks */ = {isa = PBXBuildFile; fileRef = 5DA3EE410FE6B36F0028380E /* QuartzCore.framework */; };
		5DA3EF1D0FE6DBA70028380E /* libProcessing.a in Frameworks */ = {isa = PBXBuildFile; fileRef = 5DA3EDC40FE69D4F0028380E /* libProcessing.a */; };
		5DA3EF660FE6ED170028380E /* PGraphics2D.h in Headers */ = {isa = PBXBuildFile; fileRef = 5DA3EF640FE6ED170028380E /* PGraphics2D.h */; };
		5DA3EF670FE6ED170028380E /* PGraphics2D.m in Sources */ = {isa = PBXBuildFile; fileRef = 5DA3EF650FE6ED170028380E /* PGraphics2D.m */; };
		5DA3EF6A0FE6F2740028380E /* PGraphics3D.h in Headers */ = {isa = PBXBuildFile; fileRef = 5DA3EF680FE6F2740028380E /* PGraphics3D.h */; };
		5DA3EF6B0FE6F2740028380E /* PGraphics3D.m in Sources */ = {isa = PBXBuildFile; fileRef = 5DA3EF690FE6F2740028380E /* PGraphics3D.m */; };
		5DBE57AA0FEDA2A9003176FB /* Clock.m in Sources */ = {isa = PBXBuildFile; fileRef = 5DBE57A90FEDA2A9003176FB /* Clock.m */; };
		5DBE57DF0FEDA641003176FB /* Constrain.m in Sources */ = {isa = PBXBuildFile; fileRef = 5DBE57DE0FEDA641003176FB /* Constrain.m */; };
		5DBE57E30FEDA785003176FB /* Easing.m in Sources */ = {isa = PBXBuildFile; fileRef = 5DBE57E20FEDA785003176FB /* Easing.m */; };
		5DBE57E60FEDA86E003176FB /* StoringInput.m in Sources */ = {isa = PBXBuildFile; fileRef = 5DBE57E50FEDA86E003176FB /* StoringInput.m */; };
		5DBE59DB0FEEA901003176FB /* Brightness.m in Sources */ = {isa = PBXBuildFile; fileRef = 5DBE59DA0FEEA901003176FB /* Brightness.m */; };
		5DBE5A110FEEAC27003176FB /* Saturation.m in Sources */ = {isa = PBXBuildFile; fileRef = 5DBE5A100FEEAC27003176FB /* Saturation.m */; };
		5DBE5A3F0FEEB836003176FB /* ColorWheel.m in Sources */ = {isa = PBXBuildFile; fileRef = 5DBE5A3E0FEEB836003176FB /* ColorWheel.m */; };
		5DBE5A690FEEC972003176FB /* Creating.m in Sources */ = {isa = PBXBuildFile; fileRef = 5DBE5A680FEEC972003176FB /* Creating.m */; };
		5DBE5A7D0FEECB6B003176FB /* LinearGradient.m in Sources */ = {isa = PBXBuildFile; fileRef = 5DBE5A7C0FEECB6B003176FB /* LinearGradient.m */; };
		5DBE5AB70FEED88A003176FB /* PieChart.m in Sources */ = {isa = PBXBuildFile; fileRef = 5DBE5AB60FEED88A003176FB /* PieChart.m */; };
		5DBE5CBC0FF00258003176FB /* ProcessingSpec.m in Sources */ = {isa = PBXBuildFile; fileRef = 5DBE5CBB0FF00258003176FB /* ProcessingSpec.m */; };
		5DBE60A40FF04F36003176FB /* Redraw.m in Sources */ = {isa = PBXBuildFile; fileRef = 5DBE60A30FF04F36003176FB /* Redraw.m */; };
		5DBE60A90FF05116003176FB /* Functions.m in Sources */ = {isa = PBXBuildFile; fileRef = 5DBE60A80FF05116003176FB /* Functions.m */; };
		5DBE60D50FF05679003176FB /* BezierEllipse.m in Sources */ = {isa = PBXBuildFile; fileRef = 5DBE60D40FF05679003176FB /* BezierEllipse.m */; };
		5DBE60DC0FF059ED003176FB /* IncrementDecrement.m in Sources */ = {isa = PBXBuildFile; fileRef = 5DBE60DB0FF059ED003176FB /* IncrementDecrement.m */; };
		5DBE61960FF0853B003176FB /* Modulo.m in Sources */ = {isa = PBXBuildFile; fileRef = 5DBE61950FF0853B003176FB /* Modulo.m */; };
		5DBE626B0FF111B7003176FB /* Bezier.m in Sources */ = {isa = PBXBuildFile; fileRef = 5DBE626A0FF111B7003176FB /* Bezier.m */; };
		5DBE62B80FF1478E003176FB /* Rotate.m in Sources */ = {isa = PBXBuildFile; fileRef = 5DBE62B70FF1478E003176FB /* Rotate.m */; };
		5DBE62CD0FF1496A003176FB /* Translate.m in Sources */ = {isa = PBXBuildFile; fileRef = 5DBE62CC0FF1496A003176FB /* Translate.m */; };
		5DBE62E80FF14BF6003176FB /* Distance1D.m in Sources */ = {isa = PBXBuildFile; fileRef = 5DBE62E70FF14BF6003176FB /* Distance1D.m */; };
		5DBE62FD0FF14E84003176FB /* Sine.m in Sources */ = {isa = PBXBuildFile; fileRef = 5DBE62FC0FF14E84003176FB /* Sine.m */; };
		5DBE63030FF15315003176FB /* SineCosine.m in Sources */ = {isa = PBXBuildFile; fileRef = 5DBE63020FF15315003176FB /* SineCosine.m */; };
		5DBE630A0FF155D0003176FB /* SineWave.m in Sources */ = {isa = PBXBuildFile; fileRef = 5DBE63090FF155D0003176FB /* SineWave.m */; };
		5DBE63590FF15EED003176FB /* AdditiveWave.m in Sources */ = {isa = PBXBuildFile; fileRef = 5DBE63580FF15EED003176FB /* AdditiveWave.m */; };
		5DBE636D0FF16545003176FB /* PolarToCartesian.m in Sources */ = {isa = PBXBuildFile; fileRef = 5DBE636C0FF16545003176FB /* PolarToCartesian.m */; };
		5DBE63700FF1658E003176FB /* Arctangent.m in Sources */ = {isa = PBXBuildFile; fileRef = 5DBE636F0FF1658E003176FB /* Arctangent.m */; };
		5DBE64680FF17F70003176FB /* Milliseconds.m in Sources */ = {isa = PBXBuildFile; fileRef = 5DBE64670FF17F70003176FB /* Milliseconds.m */; };
		5DBE64760FF180D3003176FB /* Mouse1D.m in Sources */ = {isa = PBXBuildFile; fileRef = 5DBE64750FF180D3003176FB /* Mouse1D.m */; };
		5DBE64860FF18256003176FB /* Mouse2D.m in Sources */ = {isa = PBXBuildFile; fileRef = 5DBE64850FF18256003176FB /* Mouse2D.m */; };
		5DBE64940FF183CF003176FB /* MouseFunctions.m in Sources */ = {isa = PBXBuildFile; fileRef = 5DBE64930FF183CF003176FB /* MouseFunctions.m */; };
		5DBE65250FF1934C003176FB /* PObject.h in Headers */ = {isa = PBXBuildFile; fileRef = 5DBE65230FF1934C003176FB /* PObject.h */; };
		5DBE65260FF1934C003176FB /* PObject.m in Sources */ = {isa = PBXBuildFile; fileRef = 5DBE65240FF1934C003176FB /* PObject.m */; };
		5DCE9AD20FFB327B00A5E7DE /* construct.jpg in Resources */ = {isa = PBXBuildFile; fileRef = 5DCE9AD00FFB327B00A5E7DE /* construct.jpg */; };
		5DCE9AD30FFB327B00A5E7DE /* wash.jpg in Resources */ = {isa = PBXBuildFile; fileRef = 5DCE9AD10FFB327B00A5E7DE /* wash.jpg */; };
		5DCE9C750FFC17D000A5E7DE /* teddy.gif in Resources */ = {isa = PBXBuildFile; fileRef = 5DCE9C740FFC17D000A5E7DE /* teddy.gif */; };
		5DCE9C780FFC17DF00A5E7DE /* Sprite.m in Sources */ = {isa = PBXBuildFile; fileRef = 5DCE9C770FFC17DF00A5E7DE /* Sprite.m */; };
		5DCE9D1A0FFC298D00A5E7DE /* Histogram.m in Sources */ = {isa = PBXBuildFile; fileRef = 5DCE9D190FFC298D00A5E7DE /* Histogram.m */; };
		5DCE9D400FFC2FBF00A5E7DE /* Mandelbrot.m in Sources */ = {isa = PBXBuildFile; fileRef = 5DCE9D3F0FFC2FBF00A5E7DE /* Mandelbrot.m */; };
		5DCE9D450FFC38F800A5E7DE /* Tree.m in Sources */ = {isa = PBXBuildFile; fileRef = 5DCE9D440FFC38F800A5E7DE /* Tree.m */; };
		5DCE9D800FFC535F00A5E7DE /* Blur.m in Sources */ = {isa = PBXBuildFile; fileRef = 5DCE9D7F0FFC535F00A5E7DE /* Blur.m */; };
		5DCE9D9E0FFC63E700A5E7DE /* trees.jpg in Resources */ = {isa = PBXBuildFile; fileRef = 5DCE9D9D0FFC63E700A5E7DE /* trees.jpg */; };
		5DCE9DD50FFCB3B900A5E7DE /* ProcessingFunctions.h in Headers */ = {isa = PBXBuildFile; fileRef = 5DCE9DD40FFCB3B900A5E7DE /* ProcessingFunctions.h */; };
		5DCE9E7C0FFCD4D200A5E7DE /* ImageBrightness.m in Sources */ = {isa = PBXBuildFile; fileRef = 5DCE9E7B0FFCD4D200A5E7DE /* ImageBrightness.m */; };
		5DCE9EE30FFDB7A900A5E7DE /* OpenGL_support.h in Headers */ = {isa = PBXBuildFile; fileRef = 5DCE9EE20FFDB7A900A5E7DE /* OpenGL_support.h */; };
		5DD190D30FEA48FF006A7842 /* ProcessingTestViewController.xib in Resources */ = {isa = PBXBuildFile; fileRef = 5DD190D10FEA48FF006A7842 /* ProcessingTestViewController.xib */; };
		5DD190E10FEA4970006A7842 /* ProcessingTestViewController.m in Sources */ = {isa = PBXBuildFile; fileRef = 5DD190E00FEA4970006A7842 /* ProcessingTestViewController.m */; };
		5DD1912D0FEA67AD006A7842 /* Hue.m in Sources */ = {isa = PBXBuildFile; fileRef = 5DD1912C0FEA67AD006A7842 /* Hue.m */; };
		5DD1915C0FEA7C17006A7842 /* Random.m in Sources */ = {isa = PBXBuildFile; fileRef = 5DD1915B0FEA7C17006A7842 /* Random.m */; };
		5DD191610FEA8185006A7842 /* Distance2D.m in Sources */ = {isa = PBXBuildFile; fileRef = 5DD191600FEA8185006A7842 /* Distance2D.m */; };
		5DD1916A0FEA89F3006A7842 /* Arm.m in Sources */ = {isa = PBXBuildFile; fileRef = 5DD191690FEA89F3006A7842 /* Arm.m */; };
		5DD1916D0FEA89FC006A7842 /* Scale.m in Sources */ = {isa = PBXBuildFile; fileRef = 5DD1916C0FEA89FC006A7842 /* Scale.m */; };
		5DD191B70FEAADB9006A7842 /* Icon.png in Resources */ = {isa = PBXBuildFile; fileRef = 5DD191B60FEAADB9006A7842 /* Icon.png */; };
		5DD192F50FEBD05B006A7842 /* ExampleList.xib in Resources */ = {isa = PBXBuildFile; fileRef = 5DD192F40FEBD05B006A7842 /* ExampleList.xib */; };
		5DD192FB0FEBD149006A7842 /* DemoViewController.m in Sources */ = {isa = PBXBuildFile; fileRef = 5DD192FA0FEBD149006A7842 /* DemoViewController.m */; };
		5DD192FD0FEBD153006A7842 /* DemoView.xib in Resources */ = {isa = PBXBuildFile; fileRef = 5DD192FC0FEBD153006A7842 /* DemoView.xib */; };
		5DD193010FEBD594006A7842 /* ExampleListController.m in Sources */ = {isa = PBXBuildFile; fileRef = 5DD193000FEBD594006A7842 /* ExampleListController.m */; };
		5DD621AD0FF2C6F80056B47C /* PStyle.h in Headers */ = {isa = PBXBuildFile; fileRef = 5DD621AB0FF2C6F80056B47C /* PStyle.h */; };
		5DD621AE0FF2C6F80056B47C /* PStyle.m in Sources */ = {isa = PBXBuildFile; fileRef = 5DD621AC0FF2C6F80056B47C /* PStyle.m */; };
		5DD622D20FF302AA0056B47C /* dche.jpg in Resources */ = {isa = PBXBuildFile; fileRef = 5DD622D10FF302AA0056B47C /* dche.jpg */; };
		5DD622DC0FF3121F0056B47C /* Reflection1.m in Sources */ = {isa = PBXBuildFile; fileRef = 5DBE658F0FF19B2B003176FB /* Reflection1.m */; };
		5DD623240FF395E60056B47C /* Letters.m in Sources */ = {isa = PBXBuildFile; fileRef = 5DD623230FF395E60056B47C /* Letters.m */; };
		5DD623270FF3963F0056B47C /* Words.m in Sources */ = {isa = PBXBuildFile; fileRef = 5DD623260FF3963F0056B47C /* Words.m */; };
		5DD626CE0FF59F480056B47C /* ProcessingTypes.h in Headers */ = {isa = PBXBuildFile; fileRef = 5DD626CD0FF59F480056B47C /* ProcessingTypes.h */; };
		5DE0CEF3100E32690078707F /* Texture1.m in Sources */ = {isa = PBXBuildFile; fileRef = 5DE0CEF2100E32690078707F /* Texture1.m */; };
		5DE0CEF6100E32890078707F /* Texture2.m in Sources */ = {isa = PBXBuildFile; fileRef = 5DE0CEF5100E32890078707F /* Texture2.m */; };
		5DE0CEF9100E32CE0078707F /* Texture3.m in Sources */ = {isa = PBXBuildFile; fileRef = 5DE0CEF8100E32CE0078707F /* Texture3.m */; };
		5DE0CEFC100E33060078707F /* TextureCube.m in Sources */ = {isa = PBXBuildFile; fileRef = 5DE0CEFB100E33060078707F /* TextureCube.m */; };
		5DE0CEFF100E335D0078707F /* TextureSphere.m in Sources */ = {isa = PBXBuildFile; fileRef = 5DE0CEFE100E335D0078707F /* TextureSphere.m */; };
		5DE0CF02100E34D90078707F /* SpaceJunk.m in Sources */ = {isa = PBXBuildFile; fileRef = 5DE0CF01100E34D90078707F /* SpaceJunk.m */; };
		5DF1000A0FFAA46700B7AFBE /* PImage.m in Sources */ = {isa = PBXBuildFile; fileRef = 5DF100080FFAA46700B7AFBE /* PImage.m */; };
		5DF1000B0FFAA46700B7AFBE /* PImage.h in Headers */ = {isa = PBXBuildFile; fileRef = 5DF100090FFAA46700B7AFBE /* PImage.h */; };
		5DF100FC0FFAC2AC00B7AFBE /* eames.jpg in Resources */ = {isa = PBXBuildFile; fileRef = 5DF100FB0FFAC2AC00B7AFBE /* eames.jpg */; };
		5DF101A70FFAD07000B7AFBE /* Pattern.m in Sources */ = {isa = PBXBuildFile; fileRef = 5DF101A60FFAD07000B7AFBE /* Pattern.m */; };
		5DF101CC0FFAD70400B7AFBE /* CreateImage.m in Sources */ = {isa = PBXBuildFile; fileRef = 5DF101CB0FFAD70400B7AFBE /* CreateImage.m */; };
		5DF103370FFB26F400B7AFBE /* LoadDisplayImage.m in Sources */ = {isa = PBXBuildFile; fileRef = 5DF103360FFB26F400B7AFBE /* LoadDisplayImage.m */; };
		5DF103390FFB27E900B7AFBE /* jelly.jpg in Resources */ = {isa = PBXBuildFile; fileRef = 5DF103380FFB27E900B7AFBE /* jelly.jpg */; };
		5DF1037A0FFB2D6B00B7AFBE /* Transparency.m in Sources */ = {isa = PBXBuildFile; fileRef = 5DF103790FFB2D6B00B7AFBE /* Transparency.m */; };
		5DF1FB140FF8027700B7AFBE /* OpenGLES.framework in Frameworks */ = {isa = PBXBuildFile; fileRef = 5DA3EE250FE6B35E0028380E /* OpenGLES.framework */; };
		5DF1FB150FF8027700B7AFBE /* QuartzCore.framework in Frameworks */ = {isa = PBXBuildFile; fileRef = 5DA3EE410FE6B36F0028380E /* QuartzCore.framework */; };
		5DF1FB170FF8031300B7AFBE /* CoreGraphics.framework in Frameworks */ = {isa = PBXBuildFile; fileRef = 288765FC0DF74451002DB57D /* CoreGraphics.framework */; };
		5DF1FDA50FF9838F00B7AFBE /* AlphaMask.m in Sources */ = {isa = PBXBuildFile; fileRef = 5DF1FDA40FF9838F00B7AFBE /* AlphaMask.m */; };
		5DF1FDAC0FF9856400B7AFBE /* mask.jpg in Resources */ = {isa = PBXBuildFile; fileRef = 5DF1FDAA0FF9856400B7AFBE /* mask.jpg */; };
		5DF1FDAD0FF9856400B7AFBE /* test.jpg in Resources */ = {isa = PBXBuildFile; fileRef = 5DF1FDAB0FF9856400B7AFBE /* test.jpg */; };
		5DF1FEEB0FF9D2E400B7AFBE /* Pointillism.m in Sources */ = {isa = PBXBuildFile; fileRef = 5DF1FEEA0FF9D2E400B7AFBE /* Pointillism.m */; };
		5DF1FF2B0FF9DC3F00B7AFBE /* Plasma.m in Sources */ = {isa = PBXBuildFile; fileRef = 5DF1FF2A0FF9DC3F00B7AFBE /* Plasma.m */; };
		5DF1FF2F0FF9DCC500B7AFBE /* ContinuousLines.m in Sources */ = {isa = PBXBuildFile; fileRef = 5DF1FF2E0FF9DCC500B7AFBE /* ContinuousLines.m */; };
		5DF1FFF50FFA1D7700B7AFBE /* PGraphics.h in Headers */ = {isa = PBXBuildFile; fileRef = 5DF1FFF30FFA1D7700B7AFBE /* PGraphics.h */; };
		5DF1FFF60FFA1D7700B7AFBE /* PGraphics.m in Sources */ = {isa = PBXBuildFile; fileRef = 5DF1FFF40FFA1D7700B7AFBE /* PGraphics.m */; };
		5DF1FFF80FFA1DBF00B7AFBE /* PGraphicsProtocol.h in Headers */ = {isa = PBXBuildFile; fileRef = 5DF1FFF70FFA1DBF00B7AFBE /* PGraphicsProtocol.h */; };
		5DFB73B61003D1FF001DFD19 /* CubicGrid.m in Sources */ = {isa = PBXBuildFile; fileRef = 5DFB73B51003D1FF001DFD19 /* CubicGrid.m */; };
		5DFB73BC1003D4BD001DFD19 /* RGBCube.m in Sources */ = {isa = PBXBuildFile; fileRef = 5DFB73BB1003D4BD001DFD19 /* RGBCube.m */; };
		5DFB73E51003DA7C001DFD19 /* Rotate1.m in Sources */ = {isa = PBXBuildFile; fileRef = 5DFB73E41003DA7C001DFD19 /* Rotate1.m */; };
		5DFB75F11005F9DB001DFD19 /* Processing+p3d.h in Headers */ = {isa = PBXBuildFile; fileRef = 5DFB75EF1005F9DB001DFD19 /* Processing+p3d.h */; };
		5DFB75F21005F9DB001DFD19 /* Processing+p3d.m in Sources */ = {isa = PBXBuildFile; fileRef = 5DFB75F01005F9DB001DFD19 /* Processing+p3d.m */; };
		5DFB778B10070887001DFD19 /* Rotate2.m in Sources */ = {isa = PBXBuildFile; fileRef = 5DFB778A10070887001DFD19 /* Rotate2.m */; };
		5DFB78E7100AB475001DFD19 /* P3DSpec.m in Sources */ = {isa = PBXBuildFile; fileRef = 5DFB78E6100AB475001DFD19 /* P3DSpec.m */; };
/* End PBXBuildFile section */

/* Begin PBXContainerItemProxy section */
		5DA3EEC40FE6CC1A0028380E /* PBXContainerItemProxy */ = {
			isa = PBXContainerItemProxy;
			containerPortal = 29B97313FDCFA39411CA2CEA /* Project object */;
			proxyType = 1;
			remoteGlobalIDString = 5DA3EDC30FE69D4F0028380E;
			remoteInfo = Processing;
		};
/* End PBXContainerItemProxy section */

/* Begin PBXFileReference section */
		1D30AB110D05D00D00671497 /* Foundation.framework */ = {isa = PBXFileReference; lastKnownFileType = wrapper.framework; name = Foundation.framework; path = System/Library/Frameworks/Foundation.framework; sourceTree = SDKROOT; };
		1D3623240D0F684500981E51 /* iProcessingAppDelegate.h */ = {isa = PBXFileReference; fileEncoding = 4; lastKnownFileType = sourcecode.c.h; path = iProcessingAppDelegate.h; sourceTree = "<group>"; };
		1D3623250D0F684500981E51 /* iProcessingAppDelegate.m */ = {isa = PBXFileReference; fileEncoding = 4; lastKnownFileType = sourcecode.c.objc; path = iProcessingAppDelegate.m; sourceTree = "<group>"; };
		1D6058910D05DD3D006BFB54 /* iProcessing.app */ = {isa = PBXFileReference; explicitFileType = wrapper.application; includeInIndex = 0; path = iProcessing.app; sourceTree = BUILT_PRODUCTS_DIR; };
		1DF5F4DF0D08C38300B7A737 /* UIKit.framework */ = {isa = PBXFileReference; lastKnownFileType = wrapper.framework; name = UIKit.framework; path = System/Library/Frameworks/UIKit.framework; sourceTree = SDKROOT; };
		288765FC0DF74451002DB57D /* CoreGraphics.framework */ = {isa = PBXFileReference; lastKnownFileType = wrapper.framework; name = CoreGraphics.framework; path = System/Library/Frameworks/CoreGraphics.framework; sourceTree = SDKROOT; };
		28AD733E0D9D9553002E5188 /* MainWindow.xib */ = {isa = PBXFileReference; lastKnownFileType = file.xib; path = MainWindow.xib; sourceTree = "<group>"; };
		29B97316FDCFA39411CA2CEA /* main.m */ = {isa = PBXFileReference; fileEncoding = 4; lastKnownFileType = sourcecode.c.objc; path = main.m; sourceTree = "<group>"; };
		32CA4F630368D1EE00C91783 /* iProcessing_Prefix.pch */ = {isa = PBXFileReference; fileEncoding = 4; lastKnownFileType = sourcecode.c.h; path = iProcessing_Prefix.pch; sourceTree = "<group>"; };
		5D04CD7D100C4D2000D0ED13 /* LightsGL.h */ = {isa = PBXFileReference; fileEncoding = 4; lastKnownFileType = sourcecode.c.h; path = LightsGL.h; sourceTree = "<group>"; };
		5D04CD7E100C4D2000D0ED13 /* LightsGL.m */ = {isa = PBXFileReference; fileEncoding = 4; lastKnownFileType = sourcecode.c.objc; path = LightsGL.m; sourceTree = "<group>"; };
		5D04CD80100C4EB800D0ED13 /* Directional.h */ = {isa = PBXFileReference; fileEncoding = 4; lastKnownFileType = sourcecode.c.h; path = Directional.h; sourceTree = "<group>"; };
		5D04CD81100C4EB800D0ED13 /* Directional.m */ = {isa = PBXFileReference; fileEncoding = 4; lastKnownFileType = sourcecode.c.objc; path = Directional.m; sourceTree = "<group>"; };
		5D04CD86100C4F8100D0ED13 /* Lights1.h */ = {isa = PBXFileReference; fileEncoding = 4; lastKnownFileType = sourcecode.c.h; path = Lights1.h; sourceTree = "<group>"; };
		5D04CD87100C4F8100D0ED13 /* Lights1.m */ = {isa = PBXFileReference; fileEncoding = 4; lastKnownFileType = sourcecode.c.objc; path = Lights1.m; sourceTree = "<group>"; };
		5D04CD89100C4FCE00D0ED13 /* Lights2.h */ = {isa = PBXFileReference; fileEncoding = 4; lastKnownFileType = sourcecode.c.h; path = Lights2.h; sourceTree = "<group>"; };
		5D04CD8A100C4FCE00D0ED13 /* Lights2.m */ = {isa = PBXFileReference; fileEncoding = 4; lastKnownFileType = sourcecode.c.objc; path = Lights2.m; sourceTree = "<group>"; };
		5D04CD8C100C500600D0ED13 /* Spot.h */ = {isa = PBXFileReference; fileEncoding = 4; lastKnownFileType = sourcecode.c.h; path = Spot.h; sourceTree = "<group>"; };
		5D04CD8D100C500600D0ED13 /* Spot.m */ = {isa = PBXFileReference; fileEncoding = 4; lastKnownFileType = sourcecode.c.objc; path = Spot.m; sourceTree = "<group>"; };
		5D04CD8F100C504200D0ED13 /* Reflection.h */ = {isa = PBXFileReference; fileEncoding = 4; lastKnownFileType = sourcecode.c.h; path = Reflection.h; sourceTree = "<group>"; };
		5D04CD90100C504200D0ED13 /* Reflection.m */ = {isa = PBXFileReference; fileEncoding = 4; lastKnownFileType = sourcecode.c.objc; path = Reflection.m; sourceTree = "<group>"; };
		5D04CF3A100E10F300D0ED13 /* Premitives3D.h */ = {isa = PBXFileReference; fileEncoding = 4; lastKnownFileType = sourcecode.c.h; path = Premitives3D.h; sourceTree = "<group>"; };
		5D04CF3B100E10F300D0ED13 /* Premitives3D.m */ = {isa = PBXFileReference; fileEncoding = 4; lastKnownFileType = sourcecode.c.objc; path = Premitives3D.m; sourceTree = "<group>"; };
		5D04CF3D100E117700D0ED13 /* ShapeTransform.h */ = {isa = PBXFileReference; fileEncoding = 4; lastKnownFileType = sourcecode.c.h; path = ShapeTransform.h; sourceTree = "<group>"; };
		5D04CF3E100E117700D0ED13 /* ShapeTransform.m */ = {isa = PBXFileReference; fileEncoding = 4; lastKnownFileType = sourcecode.c.objc; path = ShapeTransform.m; sourceTree = "<group>"; };
		5D04CF44100E12DA00D0ED13 /* Vertices3D.h */ = {isa = PBXFileReference; fileEncoding = 4; lastKnownFileType = sourcecode.c.h; path = Vertices3D.h; sourceTree = "<group>"; };
		5D04CF45100E12DA00D0ED13 /* Vertices3D.m */ = {isa = PBXFileReference; fileEncoding = 4; lastKnownFileType = sourcecode.c.objc; path = Vertices3D.m; sourceTree = "<group>"; };
		5D2609FA0FF5EBBC00E0C0FC /* Vertices.h */ = {isa = PBXFileReference; fileEncoding = 4; lastKnownFileType = sourcecode.c.h; path = Vertices.h; sourceTree = "<group>"; };
		5D2609FB0FF5EBBC00E0C0FC /* Vertices.m */ = {isa = PBXFileReference; fileEncoding = 4; lastKnownFileType = sourcecode.c.objc; path = Vertices.m; sourceTree = "<group>"; };
		5D2609FF0FF5EDD000E0C0FC /* ShapePrimitives.h */ = {isa = PBXFileReference; fileEncoding = 4; lastKnownFileType = sourcecode.c.h; path = ShapePrimitives.h; sourceTree = "<group>"; };
		5D260A000FF5EDD000E0C0FC /* ShapePrimitives.m */ = {isa = PBXFileReference; fileEncoding = 4; lastKnownFileType = sourcecode.c.objc; path = ShapePrimitives.m; sourceTree = "<group>"; };
		5D260B2C0FF69CCD00E0C0FC /* TriangleStrip.h */ = {isa = PBXFileReference; fileEncoding = 4; lastKnownFileType = sourcecode.c.h; path = TriangleStrip.h; sourceTree = "<group>"; };
		5D260B2D0FF69CCD00E0C0FC /* TriangleStrip.m */ = {isa = PBXFileReference; fileEncoding = 4; lastKnownFileType = sourcecode.c.objc; path = TriangleStrip.m; sourceTree = "<group>"; };
		5DA3EDC40FE69D4F0028380E /* libProcessing.a */ = {isa = PBXFileReference; explicitFileType = archive.ar; includeInIndex = 0; path = libProcessing.a; sourceTree = BUILT_PRODUCTS_DIR; };
		5DA3EDD50FE6AEEC0028380E /* Processing.h */ = {isa = PBXFileReference; fileEncoding = 4; lastKnownFileType = sourcecode.c.h; path = Processing.h; sourceTree = "<group>"; };
		5DA3EDD60FE6AEEC0028380E /* Processing+transformation.m */ = {isa = PBXFileReference; fileEncoding = 4; lastKnownFileType = sourcecode.c.objc; path = "Processing+transformation.m"; sourceTree = "<group>"; };
		5DA3EDD70FE6AEEC0028380E /* Processing+transformation.h */ = {isa = PBXFileReference; fileEncoding = 4; lastKnownFileType = sourcecode.c.h; path = "Processing+transformation.h"; sourceTree = "<group>"; };
		5DA3EDD80FE6AEEC0028380E /* Processing+image.m */ = {isa = PBXFileReference; fileEncoding = 4; lastKnownFileType = sourcecode.c.objc; path = "Processing+image.m"; sourceTree = "<group>"; };
		5DA3EDD90FE6AEEC0028380E /* Processing+image.h */ = {isa = PBXFileReference; fileEncoding = 4; lastKnownFileType = sourcecode.c.h; path = "Processing+image.h"; sourceTree = "<group>"; };
		5DA3EDDA0FE6AEEC0028380E /* Processing+math.m */ = {isa = PBXFileReference; fileEncoding = 4; lastKnownFileType = sourcecode.c.objc; path = "Processing+math.m"; sourceTree = "<group>"; };
		5DA3EDDB0FE6AEEC0028380E /* Processing+text.h */ = {isa = PBXFileReference; fileEncoding = 4; lastKnownFileType = sourcecode.c.h; path = "Processing+text.h"; sourceTree = "<group>"; };
		5DA3EDDC0FE6AEEC0028380E /* Processing+text.m */ = {isa = PBXFileReference; fileEncoding = 4; lastKnownFileType = sourcecode.c.objc; path = "Processing+text.m"; sourceTree = "<group>"; };
		5DA3EDDE0FE6AEEC0028380E /* Processing+color.h */ = {isa = PBXFileReference; fileEncoding = 4; lastKnownFileType = sourcecode.c.h; path = "Processing+color.h"; sourceTree = "<group>"; };
		5DA3EDE00FE6AEEC0028380E /* Processing+color.m */ = {isa = PBXFileReference; fileEncoding = 4; lastKnownFileType = sourcecode.c.objc; path = "Processing+color.m"; sourceTree = "<group>"; };
		5DA3EDE10FE6AEEC0028380E /* Processing+shape.h */ = {isa = PBXFileReference; fileEncoding = 4; lastKnownFileType = sourcecode.c.h; path = "Processing+shape.h"; sourceTree = "<group>"; };
		5DA3EDE20FE6AEEC0028380E /* Processing+shape.m */ = {isa = PBXFileReference; fileEncoding = 4; lastKnownFileType = sourcecode.c.objc; path = "Processing+shape.m"; sourceTree = "<group>"; };
		5DA3EDE50FE6AEEC0028380E /* Processing+core.m */ = {isa = PBXFileReference; fileEncoding = 4; lastKnownFileType = sourcecode.c.objc; path = "Processing+core.m"; sourceTree = "<group>"; };
		5DA3EDE60FE6AEEC0028380E /* ProcessingMacros.h */ = {isa = PBXFileReference; fileEncoding = 4; lastKnownFileType = sourcecode.c.h; path = ProcessingMacros.h; sourceTree = "<group>"; };
		5DA3EDE70FE6AEEC0028380E /* Processing+math.h */ = {isa = PBXFileReference; fileEncoding = 4; lastKnownFileType = sourcecode.c.h; path = "Processing+math.h"; sourceTree = "<group>"; };
		5DA3EDEC0FE6AEEC0028380E /* Processing */ = {isa = PBXFileReference; fileEncoding = 4; lastKnownFileType = text; path = Processing; sourceTree = "<group>"; };
		5DA3EDED0FE6AEEC0028380E /* Processing+core.h */ = {isa = PBXFileReference; fileEncoding = 4; lastKnownFileType = sourcecode.c.h; path = "Processing+core.h"; sourceTree = "<group>"; };
		5DA3EE250FE6B35E0028380E /* OpenGLES.framework */ = {isa = PBXFileReference; lastKnownFileType = wrapper.framework; name = OpenGLES.framework; path = System/Library/Frameworks/OpenGLES.framework; sourceTree = SDKROOT; };
		5DA3EE410FE6B36F0028380E /* QuartzCore.framework */ = {isa = PBXFileReference; lastKnownFileType = wrapper.framework; name = QuartzCore.framework; path = System/Library/Frameworks/QuartzCore.framework; sourceTree = SDKROOT; };
		5DA3EF640FE6ED170028380E /* PGraphics2D.h */ = {isa = PBXFileReference; fileEncoding = 4; lastKnownFileType = sourcecode.c.h; path = PGraphics2D.h; sourceTree = "<group>"; };
		5DA3EF650FE6ED170028380E /* PGraphics2D.m */ = {isa = PBXFileReference; fileEncoding = 4; lastKnownFileType = sourcecode.c.objc; path = PGraphics2D.m; sourceTree = "<group>"; };
		5DA3EF680FE6F2740028380E /* PGraphics3D.h */ = {isa = PBXFileReference; fileEncoding = 4; lastKnownFileType = sourcecode.c.h; path = PGraphics3D.h; sourceTree = "<group>"; };
		5DA3EF690FE6F2740028380E /* PGraphics3D.m */ = {isa = PBXFileReference; fileEncoding = 4; lastKnownFileType = sourcecode.c.objc; path = PGraphics3D.m; sourceTree = "<group>"; };
		5DBE55500FEC3500003176FB /* Examples.h */ = {isa = PBXFileReference; fileEncoding = 4; lastKnownFileType = sourcecode.c.h; path = Examples.h; sourceTree = "<group>"; };
		5DBE57A80FEDA2A9003176FB /* Clock.h */ = {isa = PBXFileReference; fileEncoding = 4; lastKnownFileType = sourcecode.c.h; path = Clock.h; sourceTree = "<group>"; };
		5DBE57A90FEDA2A9003176FB /* Clock.m */ = {isa = PBXFileReference; fileEncoding = 4; lastKnownFileType = sourcecode.c.objc; path = Clock.m; sourceTree = "<group>"; };
		5DBE57DD0FEDA641003176FB /* Constrain.h */ = {isa = PBXFileReference; fileEncoding = 4; lastKnownFileType = sourcecode.c.h; path = Constrain.h; sourceTree = "<group>"; };
		5DBE57DE0FEDA641003176FB /* Constrain.m */ = {isa = PBXFileReference; fileEncoding = 4; lastKnownFileType = sourcecode.c.objc; path = Constrain.m; sourceTree = "<group>"; };
		5DBE57E10FEDA785003176FB /* Easing.h */ = {isa = PBXFileReference; fileEncoding = 4; lastKnownFileType = sourcecode.c.h; path = Easing.h; sourceTree = "<group>"; };
		5DBE57E20FEDA785003176FB /* Easing.m */ = {isa = PBXFileReference; fileEncoding = 4; lastKnownFileType = sourcecode.c.objc; path = Easing.m; sourceTree = "<group>"; };
		5DBE57E40FEDA86E003176FB /* StoringInput.h */ = {isa = PBXFileReference; fileEncoding = 4; lastKnownFileType = sourcecode.c.h; path = StoringInput.h; sourceTree = "<group>"; };
		5DBE57E50FEDA86E003176FB /* StoringInput.m */ = {isa = PBXFileReference; fileEncoding = 4; lastKnownFileType = sourcecode.c.objc; path = StoringInput.m; sourceTree = "<group>"; };
		5DBE59D90FEEA901003176FB /* Brightness.h */ = {isa = PBXFileReference; fileEncoding = 4; lastKnownFileType = sourcecode.c.h; path = Brightness.h; sourceTree = "<group>"; };
		5DBE59DA0FEEA901003176FB /* Brightness.m */ = {isa = PBXFileReference; fileEncoding = 4; lastKnownFileType = sourcecode.c.objc; path = Brightness.m; sourceTree = "<group>"; };
		5DBE5A0F0FEEAC27003176FB /* Saturation.h */ = {isa = PBXFileReference; fileEncoding = 4; lastKnownFileType = sourcecode.c.h; path = Saturation.h; sourceTree = "<group>"; };
		5DBE5A100FEEAC27003176FB /* Saturation.m */ = {isa = PBXFileReference; fileEncoding = 4; lastKnownFileType = sourcecode.c.objc; path = Saturation.m; sourceTree = "<group>"; };
		5DBE5A3D0FEEB836003176FB /* ColorWheel.h */ = {isa = PBXFileReference; fileEncoding = 4; lastKnownFileType = sourcecode.c.h; path = ColorWheel.h; sourceTree = "<group>"; };
		5DBE5A3E0FEEB836003176FB /* ColorWheel.m */ = {isa = PBXFileReference; fileEncoding = 4; lastKnownFileType = sourcecode.c.objc; path = ColorWheel.m; sourceTree = "<group>"; };
		5DBE5A670FEEC972003176FB /* Creating.h */ = {isa = PBXFileReference; fileEncoding = 4; lastKnownFileType = sourcecode.c.h; path = Creating.h; sourceTree = "<group>"; };
		5DBE5A680FEEC972003176FB /* Creating.m */ = {isa = PBXFileReference; fileEncoding = 4; lastKnownFileType = sourcecode.c.objc; path = Creating.m; sourceTree = "<group>"; };
		5DBE5A7B0FEECB6B003176FB /* LinearGradient.h */ = {isa = PBXFileReference; fileEncoding = 4; lastKnownFileType = sourcecode.c.h; path = LinearGradient.h; sourceTree = "<group>"; };
		5DBE5A7C0FEECB6B003176FB /* LinearGradient.m */ = {isa = PBXFileReference; fileEncoding = 4; lastKnownFileType = sourcecode.c.objc; path = LinearGradient.m; sourceTree = "<group>"; };
		5DBE5AB50FEED88A003176FB /* PieChart.h */ = {isa = PBXFileReference; fileEncoding = 4; lastKnownFileType = sourcecode.c.h; path = PieChart.h; sourceTree = "<group>"; };
		5DBE5AB60FEED88A003176FB /* PieChart.m */ = {isa = PBXFileReference; fileEncoding = 4; lastKnownFileType = sourcecode.c.objc; path = PieChart.m; sourceTree = "<group>"; };
		5DBE5CBA0FF00258003176FB /* ProcessingSpec.h */ = {isa = PBXFileReference; fileEncoding = 4; lastKnownFileType = sourcecode.c.h; path = ProcessingSpec.h; sourceTree = "<group>"; };
		5DBE5CBB0FF00258003176FB /* ProcessingSpec.m */ = {isa = PBXFileReference; fileEncoding = 4; lastKnownFileType = sourcecode.c.objc; path = ProcessingSpec.m; sourceTree = "<group>"; };
		5DBE5DF10FF01A23003176FB /* README */ = {isa = PBXFileReference; fileEncoding = 4; lastKnownFileType = text; path = README; sourceTree = "<group>"; };
		5DBE60A20FF04F36003176FB /* Redraw.h */ = {isa = PBXFileReference; fileEncoding = 4; lastKnownFileType = sourcecode.c.h; path = Redraw.h; sourceTree = "<group>"; };
		5DBE60A30FF04F36003176FB /* Redraw.m */ = {isa = PBXFileReference; fileEncoding = 4; lastKnownFileType = sourcecode.c.objc; path = Redraw.m; sourceTree = "<group>"; };
		5DBE60A70FF05116003176FB /* Functions.h */ = {isa = PBXFileReference; fileEncoding = 4; lastKnownFileType = sourcecode.c.h; path = Functions.h; sourceTree = "<group>"; };
		5DBE60A80FF05116003176FB /* Functions.m */ = {isa = PBXFileReference; fileEncoding = 4; lastKnownFileType = sourcecode.c.objc; path = Functions.m; sourceTree = "<group>"; };
		5DBE60D30FF05679003176FB /* BezierEllipse.h */ = {isa = PBXFileReference; fileEncoding = 4; lastKnownFileType = sourcecode.c.h; path = BezierEllipse.h; sourceTree = "<group>"; };
		5DBE60D40FF05679003176FB /* BezierEllipse.m */ = {isa = PBXFileReference; fileEncoding = 4; lastKnownFileType = sourcecode.c.objc; path = BezierEllipse.m; sourceTree = "<group>"; };
		5DBE60DA0FF059ED003176FB /* IncrementDecrement.h */ = {isa = PBXFileReference; fileEncoding = 4; lastKnownFileType = sourcecode.c.h; path = IncrementDecrement.h; sourceTree = "<group>"; };
		5DBE60DB0FF059ED003176FB /* IncrementDecrement.m */ = {isa = PBXFileReference; fileEncoding = 4; lastKnownFileType = sourcecode.c.objc; path = IncrementDecrement.m; sourceTree = "<group>"; };
		5DBE61940FF0853B003176FB /* Modulo.h */ = {isa = PBXFileReference; fileEncoding = 4; lastKnownFileType = sourcecode.c.h; path = Modulo.h; sourceTree = "<group>"; };
		5DBE61950FF0853B003176FB /* Modulo.m */ = {isa = PBXFileReference; fileEncoding = 4; lastKnownFileType = sourcecode.c.objc; path = Modulo.m; sourceTree = "<group>"; };
		5DBE62690FF111B7003176FB /* Bezier.h */ = {isa = PBXFileReference; fileEncoding = 4; lastKnownFileType = sourcecode.c.h; path = Bezier.h; sourceTree = "<group>"; };
		5DBE626A0FF111B7003176FB /* Bezier.m */ = {isa = PBXFileReference; fileEncoding = 4; lastKnownFileType = sourcecode.c.objc; path = Bezier.m; sourceTree = "<group>"; };
		5DBE62B60FF1478E003176FB /* Rotate.h */ = {isa = PBXFileReference; fileEncoding = 4; lastKnownFileType = sourcecode.c.h; path = Rotate.h; sourceTree = "<group>"; };
		5DBE62B70FF1478E003176FB /* Rotate.m */ = {isa = PBXFileReference; fileEncoding = 4; lastKnownFileType = sourcecode.c.objc; path = Rotate.m; sourceTree = "<group>"; };
		5DBE62CB0FF1496A003176FB /* Translate.h */ = {isa = PBXFileReference; fileEncoding = 4; lastKnownFileType = sourcecode.c.h; path = Translate.h; sourceTree = "<group>"; };
		5DBE62CC0FF1496A003176FB /* Translate.m */ = {isa = PBXFileReference; fileEncoding = 4; lastKnownFileType = sourcecode.c.objc; path = Translate.m; sourceTree = "<group>"; };
		5DBE62E60FF14BF6003176FB /* Distance1D.h */ = {isa = PBXFileReference; fileEncoding = 4; lastKnownFileType = sourcecode.c.h; path = Distance1D.h; sourceTree = "<group>"; };
		5DBE62E70FF14BF6003176FB /* Distance1D.m */ = {isa = PBXFileReference; fileEncoding = 4; lastKnownFileType = sourcecode.c.objc; path = Distance1D.m; sourceTree = "<group>"; };
		5DBE62FB0FF14E84003176FB /* Sine.h */ = {isa = PBXFileReference; fileEncoding = 4; lastKnownFileType = sourcecode.c.h; path = Sine.h; sourceTree = "<group>"; };
		5DBE62FC0FF14E84003176FB /* Sine.m */ = {isa = PBXFileReference; fileEncoding = 4; lastKnownFileType = sourcecode.c.objc; path = Sine.m; sourceTree = "<group>"; };
		5DBE63010FF15315003176FB /* SineCosine.h */ = {isa = PBXFileReference; fileEncoding = 4; lastKnownFileType = sourcecode.c.h; path = SineCosine.h; sourceTree = "<group>"; };
		5DBE63020FF15315003176FB /* SineCosine.m */ = {isa = PBXFileReference; fileEncoding = 4; lastKnownFileType = sourcecode.c.objc; path = SineCosine.m; sourceTree = "<group>"; };
		5DBE63080FF155D0003176FB /* SineWave.h */ = {isa = PBXFileReference; fileEncoding = 4; lastKnownFileType = sourcecode.c.h; path = SineWave.h; sourceTree = "<group>"; };
		5DBE63090FF155D0003176FB /* SineWave.m */ = {isa = PBXFileReference; fileEncoding = 4; lastKnownFileType = sourcecode.c.objc; path = SineWave.m; sourceTree = "<group>"; };
		5DBE63570FF15EED003176FB /* AdditiveWave.h */ = {isa = PBXFileReference; fileEncoding = 4; lastKnownFileType = sourcecode.c.h; path = AdditiveWave.h; sourceTree = "<group>"; };
		5DBE63580FF15EED003176FB /* AdditiveWave.m */ = {isa = PBXFileReference; fileEncoding = 4; lastKnownFileType = sourcecode.c.objc; path = AdditiveWave.m; sourceTree = "<group>"; };
		5DBE636B0FF16545003176FB /* PolarToCartesian.h */ = {isa = PBXFileReference; fileEncoding = 4; lastKnownFileType = sourcecode.c.h; path = PolarToCartesian.h; sourceTree = "<group>"; };
		5DBE636C0FF16545003176FB /* PolarToCartesian.m */ = {isa = PBXFileReference; fileEncoding = 4; lastKnownFileType = sourcecode.c.objc; path = PolarToCartesian.m; sourceTree = "<group>"; };
		5DBE636E0FF1658E003176FB /* Arctangent.h */ = {isa = PBXFileReference; fileEncoding = 4; lastKnownFileType = sourcecode.c.h; path = Arctangent.h; sourceTree = "<group>"; };
		5DBE636F0FF1658E003176FB /* Arctangent.m */ = {isa = PBXFileReference; fileEncoding = 4; lastKnownFileType = sourcecode.c.objc; path = Arctangent.m; sourceTree = "<group>"; };
		5DBE64660FF17F70003176FB /* Milliseconds.h */ = {isa = PBXFileReference; fileEncoding = 4; lastKnownFileType = sourcecode.c.h; path = Milliseconds.h; sourceTree = "<group>"; };
		5DBE64670FF17F70003176FB /* Milliseconds.m */ = {isa = PBXFileReference; fileEncoding = 4; lastKnownFileType = sourcecode.c.objc; path = Milliseconds.m; sourceTree = "<group>"; };
		5DBE64740FF180D3003176FB /* Mouse1D.h */ = {isa = PBXFileReference; fileEncoding = 4; lastKnownFileType = sourcecode.c.h; path = Mouse1D.h; sourceTree = "<group>"; };
		5DBE64750FF180D3003176FB /* Mouse1D.m */ = {isa = PBXFileReference; fileEncoding = 4; lastKnownFileType = sourcecode.c.objc; path = Mouse1D.m; sourceTree = "<group>"; };
		5DBE64840FF18256003176FB /* Mouse2D.h */ = {isa = PBXFileReference; fileEncoding = 4; lastKnownFileType = sourcecode.c.h; path = Mouse2D.h; sourceTree = "<group>"; };
		5DBE64850FF18256003176FB /* Mouse2D.m */ = {isa = PBXFileReference; fileEncoding = 4; lastKnownFileType = sourcecode.c.objc; path = Mouse2D.m; sourceTree = "<group>"; };
		5DBE64920FF183CF003176FB /* MouseFunctions.h */ = {isa = PBXFileReference; fileEncoding = 4; lastKnownFileType = sourcecode.c.h; path = MouseFunctions.h; sourceTree = "<group>"; };
		5DBE64930FF183CF003176FB /* MouseFunctions.m */ = {isa = PBXFileReference; fileEncoding = 4; lastKnownFileType = sourcecode.c.objc; path = MouseFunctions.m; sourceTree = "<group>"; };
		5DBE65230FF1934C003176FB /* PObject.h */ = {isa = PBXFileReference; fileEncoding = 4; lastKnownFileType = sourcecode.c.h; path = PObject.h; sourceTree = "<group>"; };
		5DBE65240FF1934C003176FB /* PObject.m */ = {isa = PBXFileReference; fileEncoding = 4; lastKnownFileType = sourcecode.c.objc; path = PObject.m; sourceTree = "<group>"; };
		5DBE65890FF199F7003176FB /* MouseSignals.h */ = {isa = PBXFileReference; fileEncoding = 4; lastKnownFileType = sourcecode.c.h; path = MouseSignals.h; sourceTree = "<group>"; };
		5DBE658A0FF199F7003176FB /* MouseSignals.m */ = {isa = PBXFileReference; fileEncoding = 4; lastKnownFileType = sourcecode.c.objc; path = MouseSignals.m; sourceTree = "<group>"; };
		5DBE658E0FF19B2B003176FB /* Reflection1.h */ = {isa = PBXFileReference; fileEncoding = 4; lastKnownFileType = sourcecode.c.h; path = Reflection1.h; sourceTree = "<group>"; };
		5DBE658F0FF19B2B003176FB /* Reflection1.m */ = {isa = PBXFileReference; fileEncoding = 4; lastKnownFileType = sourcecode.c.objc; path = Reflection1.m; sourceTree = "<group>"; };
		5DCE9AD00FFB327B00A5E7DE /* construct.jpg */ = {isa = PBXFileReference; lastKnownFileType = image.jpeg; path = construct.jpg; sourceTree = "<group>"; };
		5DCE9AD10FFB327B00A5E7DE /* wash.jpg */ = {isa = PBXFileReference; lastKnownFileType = image.jpeg; path = wash.jpg; sourceTree = "<group>"; };
		5DCE9C740FFC17D000A5E7DE /* teddy.gif */ = {isa = PBXFileReference; lastKnownFileType = image.gif; path = teddy.gif; sourceTree = "<group>"; };
		5DCE9C760FFC17DF00A5E7DE /* Sprite.h */ = {isa = PBXFileReference; fileEncoding = 4; lastKnownFileType = sourcecode.c.h; path = Sprite.h; sourceTree = "<group>"; };
		5DCE9C770FFC17DF00A5E7DE /* Sprite.m */ = {isa = PBXFileReference; fileEncoding = 4; lastKnownFileType = sourcecode.c.objc; path = Sprite.m; sourceTree = "<group>"; };
		5DCE9D180FFC298D00A5E7DE /* Histogram.h */ = {isa = PBXFileReference; fileEncoding = 4; lastKnownFileType = sourcecode.c.h; path = Histogram.h; sourceTree = "<group>"; };
		5DCE9D190FFC298D00A5E7DE /* Histogram.m */ = {isa = PBXFileReference; fileEncoding = 4; lastKnownFileType = sourcecode.c.objc; path = Histogram.m; sourceTree = "<group>"; };
		5DCE9D3E0FFC2FBF00A5E7DE /* Mandelbrot.h */ = {isa = PBXFileReference; fileEncoding = 4; lastKnownFileType = sourcecode.c.h; path = Mandelbrot.h; sourceTree = "<group>"; };
		5DCE9D3F0FFC2FBF00A5E7DE /* Mandelbrot.m */ = {isa = PBXFileReference; fileEncoding = 4; lastKnownFileType = sourcecode.c.objc; path = Mandelbrot.m; sourceTree = "<group>"; };
		5DCE9D430FFC38F800A5E7DE /* Tree.h */ = {isa = PBXFileReference; fileEncoding = 4; lastKnownFileType = sourcecode.c.h; path = Tree.h; sourceTree = "<group>"; };
		5DCE9D440FFC38F800A5E7DE /* Tree.m */ = {isa = PBXFileReference; fileEncoding = 4; lastKnownFileType = sourcecode.c.objc; path = Tree.m; sourceTree = "<group>"; };
		5DCE9D7E0FFC535F00A5E7DE /* Blur.h */ = {isa = PBXFileReference; fileEncoding = 4; lastKnownFileType = sourcecode.c.h; path = Blur.h; sourceTree = "<group>"; };
		5DCE9D7F0FFC535F00A5E7DE /* Blur.m */ = {isa = PBXFileReference; fileEncoding = 4; lastKnownFileType = sourcecode.c.objc; path = Blur.m; sourceTree = "<group>"; };
		5DCE9D9D0FFC63E700A5E7DE /* trees.jpg */ = {isa = PBXFileReference; lastKnownFileType = image.jpeg; path = trees.jpg; sourceTree = "<group>"; };
		5DCE9DD40FFCB3B900A5E7DE /* ProcessingFunctions.h */ = {isa = PBXFileReference; fileEncoding = 4; lastKnownFileType = sourcecode.c.h; path = ProcessingFunctions.h; sourceTree = "<group>"; };
		5DCE9E7A0FFCD4D200A5E7DE /* ImageBrightness.h */ = {isa = PBXFileReference; fileEncoding = 4; lastKnownFileType = sourcecode.c.h; path = ImageBrightness.h; sourceTree = "<group>"; };
		5DCE9E7B0FFCD4D200A5E7DE /* ImageBrightness.m */ = {isa = PBXFileReference; fileEncoding = 4; lastKnownFileType = sourcecode.c.objc; path = ImageBrightness.m; sourceTree = "<group>"; };
		5DCE9EE20FFDB7A900A5E7DE /* OpenGL_support.h */ = {isa = PBXFileReference; fileEncoding = 4; lastKnownFileType = sourcecode.c.h; path = OpenGL_support.h; sourceTree = "<group>"; };
		5DD190D10FEA48FF006A7842 /* ProcessingTestViewController.xib */ = {isa = PBXFileReference; lastKnownFileType = file.xib; path = ProcessingTestViewController.xib; sourceTree = "<group>"; };
		5DD190DF0FEA4970006A7842 /* ProcessingTestViewController.h */ = {isa = PBXFileReference; fileEncoding = 4; lastKnownFileType = sourcecode.c.h; path = ProcessingTestViewController.h; sourceTree = "<group>"; };
		5DD190E00FEA4970006A7842 /* ProcessingTestViewController.m */ = {isa = PBXFileReference; fileEncoding = 4; lastKnownFileType = sourcecode.c.objc; path = ProcessingTestViewController.m; sourceTree = "<group>"; };
		5DD1912B0FEA67AD006A7842 /* Hue.h */ = {isa = PBXFileReference; fileEncoding = 4; lastKnownFileType = sourcecode.c.h; path = Hue.h; sourceTree = "<group>"; };
		5DD1912C0FEA67AD006A7842 /* Hue.m */ = {isa = PBXFileReference; fileEncoding = 4; lastKnownFileType = sourcecode.c.objc; path = Hue.m; sourceTree = "<group>"; };
		5DD1915A0FEA7C17006A7842 /* Random.h */ = {isa = PBXFileReference; fileEncoding = 4; lastKnownFileType = sourcecode.c.h; path = Random.h; sourceTree = "<group>"; };
		5DD1915B0FEA7C17006A7842 /* Random.m */ = {isa = PBXFileReference; fileEncoding = 4; lastKnownFileType = sourcecode.c.objc; path = Random.m; sourceTree = "<group>"; };
		5DD1915F0FEA8184006A7842 /* Distance2D.h */ = {isa = PBXFileReference; fileEncoding = 4; lastKnownFileType = sourcecode.c.h; path = Distance2D.h; sourceTree = "<group>"; };
		5DD191600FEA8185006A7842 /* Distance2D.m */ = {isa = PBXFileReference; fileEncoding = 4; lastKnownFileType = sourcecode.c.objc; path = Distance2D.m; sourceTree = "<group>"; };
		5DD191680FEA89F3006A7842 /* Arm.h */ = {isa = PBXFileReference; fileEncoding = 4; lastKnownFileType = sourcecode.c.h; path = Arm.h; sourceTree = "<group>"; };
		5DD191690FEA89F3006A7842 /* Arm.m */ = {isa = PBXFileReference; fileEncoding = 4; lastKnownFileType = sourcecode.c.objc; path = Arm.m; sourceTree = "<group>"; };
		5DD1916B0FEA89FC006A7842 /* Scale.h */ = {isa = PBXFileReference; fileEncoding = 4; lastKnownFileType = sourcecode.c.h; path = Scale.h; sourceTree = "<group>"; };
		5DD1916C0FEA89FC006A7842 /* Scale.m */ = {isa = PBXFileReference; fileEncoding = 4; lastKnownFileType = sourcecode.c.objc; path = Scale.m; sourceTree = "<group>"; };
		5DD191B60FEAADB9006A7842 /* Icon.png */ = {isa = PBXFileReference; lastKnownFileType = image.png; path = Icon.png; sourceTree = "<group>"; };
		5DD192F40FEBD05B006A7842 /* ExampleList.xib */ = {isa = PBXFileReference; lastKnownFileType = file.xib; path = ExampleList.xib; sourceTree = "<group>"; };
		5DD192F90FEBD149006A7842 /* DemoViewController.h */ = {isa = PBXFileReference; fileEncoding = 4; lastKnownFileType = sourcecode.c.h; path = DemoViewController.h; sourceTree = "<group>"; };
		5DD192FA0FEBD149006A7842 /* DemoViewController.m */ = {isa = PBXFileReference; fileEncoding = 4; lastKnownFileType = sourcecode.c.objc; path = DemoViewController.m; sourceTree = "<group>"; };
		5DD192FC0FEBD153006A7842 /* DemoView.xib */ = {isa = PBXFileReference; lastKnownFileType = file.xib; path = DemoView.xib; sourceTree = "<group>"; };
		5DD192FF0FEBD594006A7842 /* ExampleListController.h */ = {isa = PBXFileReference; fileEncoding = 4; lastKnownFileType = sourcecode.c.h; path = ExampleListController.h; sourceTree = "<group>"; };
		5DD193000FEBD594006A7842 /* ExampleListController.m */ = {isa = PBXFileReference; fileEncoding = 4; lastKnownFileType = sourcecode.c.objc; path = ExampleListController.m; sourceTree = "<group>"; };
		5DD621AB0FF2C6F80056B47C /* PStyle.h */ = {isa = PBXFileReference; fileEncoding = 4; lastKnownFileType = sourcecode.c.h; path = PStyle.h; sourceTree = "<group>"; };
		5DD621AC0FF2C6F80056B47C /* PStyle.m */ = {isa = PBXFileReference; fileEncoding = 4; lastKnownFileType = sourcecode.c.objc; path = PStyle.m; sourceTree = "<group>"; };
		5DD622D10FF302AA0056B47C /* dche.jpg */ = {isa = PBXFileReference; lastKnownFileType = image.jpeg; path = dche.jpg; sourceTree = "<group>"; };
		5DD623220FF395E60056B47C /* Letters.h */ = {isa = PBXFileReference; fileEncoding = 4; lastKnownFileType = sourcecode.c.h; path = Letters.h; sourceTree = "<group>"; };
		5DD623230FF395E60056B47C /* Letters.m */ = {isa = PBXFileReference; fileEncoding = 4; lastKnownFileType = sourcecode.c.objc; path = Letters.m; sourceTree = "<group>"; };
		5DD623250FF3963F0056B47C /* Words.h */ = {isa = PBXFileReference; fileEncoding = 4; lastKnownFileType = sourcecode.c.h; path = Words.h; sourceTree = "<group>"; };
		5DD623260FF3963F0056B47C /* Words.m */ = {isa = PBXFileReference; fileEncoding = 4; lastKnownFileType = sourcecode.c.objc; path = Words.m; sourceTree = "<group>"; };
		5DD626CD0FF59F480056B47C /* ProcessingTypes.h */ = {isa = PBXFileReference; fileEncoding = 4; lastKnownFileType = sourcecode.c.h; path = ProcessingTypes.h; sourceTree = "<group>"; };
		5DE0CEF1100E32690078707F /* Texture1.h */ = {isa = PBXFileReference; fileEncoding = 4; lastKnownFileType = sourcecode.c.h; path = Texture1.h; sourceTree = "<group>"; };
		5DE0CEF2100E32690078707F /* Texture1.m */ = {isa = PBXFileReference; fileEncoding = 4; lastKnownFileType = sourcecode.c.objc; path = Texture1.m; sourceTree = "<group>"; };
		5DE0CEF4100E32890078707F /* Texture2.h */ = {isa = PBXFileReference; fileEncoding = 4; lastKnownFileType = sourcecode.c.h; path = Texture2.h; sourceTree = "<group>"; };
		5DE0CEF5100E32890078707F /* Texture2.m */ = {isa = PBXFileReference; fileEncoding = 4; lastKnownFileType = sourcecode.c.objc; path = Texture2.m; sourceTree = "<group>"; };
		5DE0CEF7100E32CE0078707F /* Texture3.h */ = {isa = PBXFileReference; fileEncoding = 4; lastKnownFileType = sourcecode.c.h; path = Texture3.h; sourceTree = "<group>"; };
		5DE0CEF8100E32CE0078707F /* Texture3.m */ = {isa = PBXFileReference; fileEncoding = 4; lastKnownFileType = sourcecode.c.objc; path = Texture3.m; sourceTree = "<group>"; };
		5DE0CEFA100E33060078707F /* TextureCube.h */ = {isa = PBXFileReference; fileEncoding = 4; lastKnownFileType = sourcecode.c.h; path = TextureCube.h; sourceTree = "<group>"; };
		5DE0CEFB100E33060078707F /* TextureCube.m */ = {isa = PBXFileReference; fileEncoding = 4; lastKnownFileType = sourcecode.c.objc; path = TextureCube.m; sourceTree = "<group>"; };
		5DE0CEFD100E335D0078707F /* TextureSphere.h */ = {isa = PBXFileReference; fileEncoding = 4; lastKnownFileType = sourcecode.c.h; path = TextureSphere.h; sourceTree = "<group>"; };
		5DE0CEFE100E335D0078707F /* TextureSphere.m */ = {isa = PBXFileReference; fileEncoding = 4; lastKnownFileType = sourcecode.c.objc; path = TextureSphere.m; sourceTree = "<group>"; };
		5DE0CF00100E34D90078707F /* SpaceJunk.h */ = {isa = PBXFileReference; fileEncoding = 4; lastKnownFileType = sourcecode.c.h; path = SpaceJunk.h; sourceTree = "<group>"; };
		5DE0CF01100E34D90078707F /* SpaceJunk.m */ = {isa = PBXFileReference; fileEncoding = 4; lastKnownFileType = sourcecode.c.objc; path = SpaceJunk.m; sourceTree = "<group>"; };
		5DF100080FFAA46700B7AFBE /* PImage.m */ = {isa = PBXFileReference; fileEncoding = 4; lastKnownFileType = sourcecode.c.objc; path = PImage.m; sourceTree = "<group>"; };
		5DF100090FFAA46700B7AFBE /* PImage.h */ = {isa = PBXFileReference; fileEncoding = 4; lastKnownFileType = sourcecode.c.h; path = PImage.h; sourceTree = "<group>"; };
		5DF100FB0FFAC2AC00B7AFBE /* eames.jpg */ = {isa = PBXFileReference; lastKnownFileType = image.jpeg; path = eames.jpg; sourceTree = "<group>"; };
		5DF101A50FFAD07000B7AFBE /* Pattern.h */ = {isa = PBXFileReference; fileEncoding = 4; lastKnownFileType = sourcecode.c.h; path = Pattern.h; sourceTree = "<group>"; };
		5DF101A60FFAD07000B7AFBE /* Pattern.m */ = {isa = PBXFileReference; fileEncoding = 4; lastKnownFileType = sourcecode.c.objc; path = Pattern.m; sourceTree = "<group>"; };
		5DF101CA0FFAD70400B7AFBE /* CreateImage.h */ = {isa = PBXFileReference; fileEncoding = 4; lastKnownFileType = sourcecode.c.h; path = CreateImage.h; sourceTree = "<group>"; };
		5DF101CB0FFAD70400B7AFBE /* CreateImage.m */ = {isa = PBXFileReference; fileEncoding = 4; lastKnownFileType = sourcecode.c.objc; path = CreateImage.m; sourceTree = "<group>"; };
		5DF103350FFB26F400B7AFBE /* LoadDisplayImage.h */ = {isa = PBXFileReference; fileEncoding = 4; lastKnownFileType = sourcecode.c.h; path = LoadDisplayImage.h; sourceTree = "<group>"; };
		5DF103360FFB26F400B7AFBE /* LoadDisplayImage.m */ = {isa = PBXFileReference; fileEncoding = 4; lastKnownFileType = sourcecode.c.objc; path = LoadDisplayImage.m; sourceTree = "<group>"; };
		5DF103380FFB27E900B7AFBE /* jelly.jpg */ = {isa = PBXFileReference; lastKnownFileType = image.jpeg; path = jelly.jpg; sourceTree = "<group>"; };
		5DF103780FFB2D6B00B7AFBE /* Transparency.h */ = {isa = PBXFileReference; fileEncoding = 4; lastKnownFileType = sourcecode.c.h; path = Transparency.h; sourceTree = "<group>"; };
		5DF103790FFB2D6B00B7AFBE /* Transparency.m */ = {isa = PBXFileReference; fileEncoding = 4; lastKnownFileType = sourcecode.c.objc; path = Transparency.m; sourceTree = "<group>"; };
		5DF1FDA30FF9838F00B7AFBE /* AlphaMask.h */ = {isa = PBXFileReference; fileEncoding = 4; lastKnownFileType = sourcecode.c.h; path = AlphaMask.h; sourceTree = "<group>"; };
		5DF1FDA40FF9838F00B7AFBE /* AlphaMask.m */ = {isa = PBXFileReference; fileEncoding = 4; lastKnownFileType = sourcecode.c.objc; path = AlphaMask.m; sourceTree = "<group>"; };
		5DF1FDAA0FF9856400B7AFBE /* mask.jpg */ = {isa = PBXFileReference; lastKnownFileType = image.jpeg; path = mask.jpg; sourceTree = "<group>"; };
		5DF1FDAB0FF9856400B7AFBE /* test.jpg */ = {isa = PBXFileReference; lastKnownFileType = image.jpeg; path = test.jpg; sourceTree = "<group>"; };
		5DF1FEE90FF9D2E400B7AFBE /* Pointillism.h */ = {isa = PBXFileReference; fileEncoding = 4; lastKnownFileType = sourcecode.c.h; path = Pointillism.h; sourceTree = "<group>"; };
		5DF1FEEA0FF9D2E400B7AFBE /* Pointillism.m */ = {isa = PBXFileReference; fileEncoding = 4; lastKnownFileType = sourcecode.c.objc; path = Pointillism.m; sourceTree = "<group>"; };
		5DF1FF290FF9DC3F00B7AFBE /* Plasma.h */ = {isa = PBXFileReference; fileEncoding = 4; lastKnownFileType = sourcecode.c.h; path = Plasma.h; sourceTree = "<group>"; };
		5DF1FF2A0FF9DC3F00B7AFBE /* Plasma.m */ = {isa = PBXFileReference; fileEncoding = 4; lastKnownFileType = sourcecode.c.objc; path = Plasma.m; sourceTree = "<group>"; };
		5DF1FF2D0FF9DCC500B7AFBE /* ContinuousLines.h */ = {isa = PBXFileReference; fileEncoding = 4; lastKnownFileType = sourcecode.c.h; path = ContinuousLines.h; sourceTree = "<group>"; };
		5DF1FF2E0FF9DCC500B7AFBE /* ContinuousLines.m */ = {isa = PBXFileReference; fileEncoding = 4; lastKnownFileType = sourcecode.c.objc; path = ContinuousLines.m; sourceTree = "<group>"; };
		5DF1FFF30FFA1D7700B7AFBE /* PGraphics.h */ = {isa = PBXFileReference; fileEncoding = 4; lastKnownFileType = sourcecode.c.h; path = PGraphics.h; sourceTree = "<group>"; };
		5DF1FFF40FFA1D7700B7AFBE /* PGraphics.m */ = {isa = PBXFileReference; fileEncoding = 4; lastKnownFileType = sourcecode.c.objc; path = PGraphics.m; sourceTree = "<group>"; };
		5DF1FFF70FFA1DBF00B7AFBE /* PGraphicsProtocol.h */ = {isa = PBXFileReference; fileEncoding = 4; lastKnownFileType = sourcecode.c.h; path = PGraphicsProtocol.h; sourceTree = "<group>"; };
		5DFB73B41003D1FF001DFD19 /* CubicGrid.h */ = {isa = PBXFileReference; fileEncoding = 4; lastKnownFileType = sourcecode.c.h; path = CubicGrid.h; sourceTree = "<group>"; };
		5DFB73B51003D1FF001DFD19 /* CubicGrid.m */ = {isa = PBXFileReference; fileEncoding = 4; lastKnownFileType = sourcecode.c.objc; path = CubicGrid.m; sourceTree = "<group>"; };
		5DFB73BA1003D4BD001DFD19 /* RGBCube.h */ = {isa = PBXFileReference; fileEncoding = 4; lastKnownFileType = sourcecode.c.h; path = RGBCube.h; sourceTree = "<group>"; };
		5DFB73BB1003D4BD001DFD19 /* RGBCube.m */ = {isa = PBXFileReference; fileEncoding = 4; lastKnownFileType = sourcecode.c.objc; path = RGBCube.m; sourceTree = "<group>"; };
		5DFB73E31003DA7C001DFD19 /* Rotate1.h */ = {isa = PBXFileReference; fileEncoding = 4; lastKnownFileType = sourcecode.c.h; path = Rotate1.h; sourceTree = "<group>"; };
		5DFB73E41003DA7C001DFD19 /* Rotate1.m */ = {isa = PBXFileReference; fileEncoding = 4; lastKnownFileType = sourcecode.c.objc; path = Rotate1.m; sourceTree = "<group>"; };
		5DFB75EF1005F9DB001DFD19 /* Processing+p3d.h */ = {isa = PBXFileReference; fileEncoding = 4; lastKnownFileType = sourcecode.c.h; path = "Processing+p3d.h"; sourceTree = "<group>"; };
		5DFB75F01005F9DB001DFD19 /* Processing+p3d.m */ = {isa = PBXFileReference; fileEncoding = 4; lastKnownFileType = sourcecode.c.objc; path = "Processing+p3d.m"; sourceTree = "<group>"; };
		5DFB778910070887001DFD19 /* Rotate2.h */ = {isa = PBXFileReference; fileEncoding = 4; lastKnownFileType = sourcecode.c.h; path = Rotate2.h; sourceTree = "<group>"; };
		5DFB778A10070887001DFD19 /* Rotate2.m */ = {isa = PBXFileReference; fileEncoding = 4; lastKnownFileType = sourcecode.c.objc; path = Rotate2.m; sourceTree = "<group>"; };
		5DFB78E5100AB475001DFD19 /* P3DSpec.h */ = {isa = PBXFileReference; fileEncoding = 4; lastKnownFileType = sourcecode.c.h; path = P3DSpec.h; sourceTree = "<group>"; };
		5DFB78E6100AB475001DFD19 /* P3DSpec.m */ = {isa = PBXFileReference; fileEncoding = 4; lastKnownFileType = sourcecode.c.objc; path = P3DSpec.m; sourceTree = "<group>"; };
		8D1107310486CEB800E47090 /* iProcessing-Info.plist */ = {isa = PBXFileReference; fileEncoding = 4; lastKnownFileType = text.plist.xml; path = "iProcessing-Info.plist"; plistStructureDefinitionIdentifier = "com.apple.xcode.plist.structure-definition.iphone.info-plist"; sourceTree = "<group>"; };
/* End PBXFileReference section */

/* Begin PBXFrameworksBuildPhase section */
		1D60588F0D05DD3D006BFB54 /* Frameworks */ = {
			isa = PBXFrameworksBuildPhase;
			buildActionMask = 2147483647;
			files = (
				1D60589F0D05DD5A006BFB54 /* Foundation.framework in Frameworks */,
				1DF5F4E00D08C38300B7A737 /* UIKit.framework in Frameworks */,
				288765FD0DF74451002DB57D /* CoreGraphics.framework in Frameworks */,
				5DA3EF1D0FE6DBA70028380E /* libProcessing.a in Frameworks */,
				5DF1FB140FF8027700B7AFBE /* OpenGLES.framework in Frameworks */,
				5DF1FB150FF8027700B7AFBE /* QuartzCore.framework in Frameworks */,
			);
			runOnlyForDeploymentPostprocessing = 0;
		};
		5DA3EDC20FE69D4F0028380E /* Frameworks */ = {
			isa = PBXFrameworksBuildPhase;
			buildActionMask = 2147483647;
			files = (
				5DA3EE260FE6B35F0028380E /* OpenGLES.framework in Frameworks */,
				5DA3EE420FE6B36F0028380E /* QuartzCore.framework in Frameworks */,
				5DF1FB170FF8031300B7AFBE /* CoreGraphics.framework in Frameworks */,
			);
			runOnlyForDeploymentPostprocessing = 0;
		};
/* End PBXFrameworksBuildPhase section */

/* Begin PBXGroup section */
		080E96DDFE201D6D7F000001 /* Classes */ = {
			isa = PBXGroup;
			children = (
				5DD190DF0FEA4970006A7842 /* ProcessingTestViewController.h */,
				5DD190E00FEA4970006A7842 /* ProcessingTestViewController.m */,
				1D3623240D0F684500981E51 /* iProcessingAppDelegate.h */,
				1D3623250D0F684500981E51 /* iProcessingAppDelegate.m */,
				5DD192FA0FEBD149006A7842 /* DemoViewController.m */,
				5DD192F90FEBD149006A7842 /* DemoViewController.h */,
				5DD192FF0FEBD594006A7842 /* ExampleListController.h */,
				5DD193000FEBD594006A7842 /* ExampleListController.m */,
			);
			path = Classes;
			sourceTree = "<group>";
		};
		19C28FACFE9D520D11CA2CBB /* Products */ = {
			isa = PBXGroup;
			children = (
				1D6058910D05DD3D006BFB54 /* iProcessing.app */,
				5DA3EDC40FE69D4F0028380E /* libProcessing.a */,
			);
			name = Products;
			sourceTree = "<group>";
		};
		29B97314FDCFA39411CA2CEA /* CustomTemplate */ = {
			isa = PBXGroup;
			children = (
				5DD190E80FEA49A9006A7842 /* Examples */,
				5DA3EDBF0FE69D1D0028380E /* Processing */,
				080E96DDFE201D6D7F000001 /* Classes */,
				29B97315FDCFA39411CA2CEA /* Other Sources */,
				29B97317FDCFA39411CA2CEA /* Resources */,
				29B97323FDCFA39411CA2CEA /* Frameworks */,
				19C28FACFE9D520D11CA2CBB /* Products */,
			);
			name = CustomTemplate;
			sourceTree = "<group>";
		};
		29B97315FDCFA39411CA2CEA /* Other Sources */ = {
			isa = PBXGroup;
			children = (
				32CA4F630368D1EE00C91783 /* iProcessing_Prefix.pch */,
				29B97316FDCFA39411CA2CEA /* main.m */,
			);
			name = "Other Sources";
			sourceTree = "<group>";
		};
		29B97317FDCFA39411CA2CEA /* Resources */ = {
			isa = PBXGroup;
			children = (
				5DCE9D9D0FFC63E700A5E7DE /* trees.jpg */,
				5DCE9C740FFC17D000A5E7DE /* teddy.gif */,
				5DCE9AD00FFB327B00A5E7DE /* construct.jpg */,
				5DCE9AD10FFB327B00A5E7DE /* wash.jpg */,
				5DF103380FFB27E900B7AFBE /* jelly.jpg */,
				5DF100FB0FFAC2AC00B7AFBE /* eames.jpg */,
				5DF1FDAA0FF9856400B7AFBE /* mask.jpg */,
				5DF1FDAB0FF9856400B7AFBE /* test.jpg */,
				5DD622D10FF302AA0056B47C /* dche.jpg */,
				5DD191B60FEAADB9006A7842 /* Icon.png */,
				28AD733E0D9D9553002E5188 /* MainWindow.xib */,
				8D1107310486CEB800E47090 /* iProcessing-Info.plist */,
				5DD190D10FEA48FF006A7842 /* ProcessingTestViewController.xib */,
				5DD192F40FEBD05B006A7842 /* ExampleList.xib */,
				5DD192FC0FEBD153006A7842 /* DemoView.xib */,
			);
			name = Resources;
			sourceTree = "<group>";
		};
		29B97323FDCFA39411CA2CEA /* Frameworks */ = {
			isa = PBXGroup;
			children = (
				5DA3EE410FE6B36F0028380E /* QuartzCore.framework */,
				5DA3EE250FE6B35E0028380E /* OpenGLES.framework */,
				1DF5F4DF0D08C38300B7A737 /* UIKit.framework */,
				1D30AB110D05D00D00671497 /* Foundation.framework */,
				288765FC0DF74451002DB57D /* CoreGraphics.framework */,
			);
			name = Frameworks;
			sourceTree = "<group>";
		};
		5D04CD62100C4D0500D0ED13 /* Lights */ = {
			isa = PBXGroup;
			children = (
				5D04CD7D100C4D2000D0ED13 /* LightsGL.h */,
				5D04CD7E100C4D2000D0ED13 /* LightsGL.m */,
				5D04CD80100C4EB800D0ED13 /* Directional.h */,
				5D04CD81100C4EB800D0ED13 /* Directional.m */,
				5D04CD86100C4F8100D0ED13 /* Lights1.h */,
				5D04CD87100C4F8100D0ED13 /* Lights1.m */,
				5D04CD89100C4FCE00D0ED13 /* Lights2.h */,
				5D04CD8A100C4FCE00D0ED13 /* Lights2.m */,
				5D04CD8C100C500600D0ED13 /* Spot.h */,
				5D04CD8D100C500600D0ED13 /* Spot.m */,
				5D04CD8F100C504200D0ED13 /* Reflection.h */,
				5D04CD90100C504200D0ED13 /* Reflection.m */,
			);
			name = Lights;
			sourceTree = "<group>";
		};
		5D04CEB6100DCB1100D0ED13 /* Sound */ = {
			isa = PBXGroup;
			children = (
			);
			path = Sound;
			sourceTree = "<group>";
		};
		5DA3EDBF0FE69D1D0028380E /* Processing */ = {
			isa = PBXGroup;
			children = (
				5D04CEB6100DCB1100D0ED13 /* Sound */,
				5DA3EDD50FE6AEEC0028380E /* Processing.h */,
				5DA3EDD60FE6AEEC0028380E /* Processing+transformation.m */,
				5DA3EDD70FE6AEEC0028380E /* Processing+transformation.h */,
				5DA3EDD80FE6AEEC0028380E /* Processing+image.m */,
				5DA3EDD90FE6AEEC0028380E /* Processing+image.h */,
				5DA3EDDB0FE6AEEC0028380E /* Processing+text.h */,
				5DA3EDDC0FE6AEEC0028380E /* Processing+text.m */,
				5DA3EDDE0FE6AEEC0028380E /* Processing+color.h */,
				5DA3EDE00FE6AEEC0028380E /* Processing+color.m */,
				5DA3EDE10FE6AEEC0028380E /* Processing+shape.h */,
				5DA3EDE20FE6AEEC0028380E /* Processing+shape.m */,
				5DA3EDE70FE6AEEC0028380E /* Processing+math.h */,
				5DA3EDDA0FE6AEEC0028380E /* Processing+math.m */,
				5DA3EDEC0FE6AEEC0028380E /* Processing */,
				5DA3EDE50FE6AEEC0028380E /* Processing+core.m */,
				5DA3EDED0FE6AEEC0028380E /* Processing+core.h */,
				5DA3EDE60FE6AEEC0028380E /* ProcessingMacros.h */,
				5DD626CD0FF59F480056B47C /* ProcessingTypes.h */,
				5DCE9DD40FFCB3B900A5E7DE /* ProcessingFunctions.h */,
				5DF1FFF70FFA1DBF00B7AFBE /* PGraphicsProtocol.h */,
				5DA3EF640FE6ED170028380E /* PGraphics2D.h */,
				5DA3EF650FE6ED170028380E /* PGraphics2D.m */,
				5DA3EF680FE6F2740028380E /* PGraphics3D.h */,
				5DA3EF690FE6F2740028380E /* PGraphics3D.m */,
				5DFB75EF1005F9DB001DFD19 /* Processing+p3d.h */,
				5DFB75F01005F9DB001DFD19 /* Processing+p3d.m */,
				5DCE9EE20FFDB7A900A5E7DE /* OpenGL_support.h */,
				5DF100080FFAA46700B7AFBE /* PImage.m */,
				5DF100090FFAA46700B7AFBE /* PImage.h */,
				5DD621AB0FF2C6F80056B47C /* PStyle.h */,
				5DD621AC0FF2C6F80056B47C /* PStyle.m */,
				5DBE65230FF1934C003176FB /* PObject.h */,
				5DBE65240FF1934C003176FB /* PObject.m */,
				5DBE5DF10FF01A23003176FB /* README */,
				5DF1FFF30FFA1D7700B7AFBE /* PGraphics.h */,
				5DF1FFF40FFA1D7700B7AFBE /* PGraphics.m */,
			);
			path = Processing;
			sourceTree = "<group>";
		};
		5DBE57A70FEDA296003176FB /* Input */ = {
			isa = PBXGroup;
			children = (
				5DBE57A80FEDA2A9003176FB /* Clock.h */,
				5DBE57A90FEDA2A9003176FB /* Clock.m */,
				5DBE57DD0FEDA641003176FB /* Constrain.h */,
				5DBE57DE0FEDA641003176FB /* Constrain.m */,
				5DBE57E10FEDA785003176FB /* Easing.h */,
				5DBE57E20FEDA785003176FB /* Easing.m */,
				5DBE57E40FEDA86E003176FB /* StoringInput.h */,
				5DBE57E50FEDA86E003176FB /* StoringInput.m */,
				5DBE64660FF17F70003176FB /* Milliseconds.h */,
				5DBE64670FF17F70003176FB /* Milliseconds.m */,
				5DBE64740FF180D3003176FB /* Mouse1D.h */,
				5DBE64750FF180D3003176FB /* Mouse1D.m */,
				5DBE64840FF18256003176FB /* Mouse2D.h */,
				5DBE64850FF18256003176FB /* Mouse2D.m */,
				5DBE64920FF183CF003176FB /* MouseFunctions.h */,
				5DBE64930FF183CF003176FB /* MouseFunctions.m */,
				5DBE65890FF199F7003176FB /* MouseSignals.h */,
				5DBE658A0FF199F7003176FB /* MouseSignals.m */,
			);
			name = Input;
			sourceTree = "<group>";
		};
		5DBE5AB40FEED87E003176FB /* Form */ = {
			isa = PBXGroup;
			children = (
				5DBE5AB50FEED88A003176FB /* PieChart.h */,
				5DBE5AB60FEED88A003176FB /* PieChart.m */,
				5DBE60D30FF05679003176FB /* BezierEllipse.h */,
				5DBE60D40FF05679003176FB /* BezierEllipse.m */,
				5DBE62690FF111B7003176FB /* Bezier.h */,
				5DBE626A0FF111B7003176FB /* Bezier.m */,
				5D2609FA0FF5EBBC00E0C0FC /* Vertices.h */,
				5D2609FB0FF5EBBC00E0C0FC /* Vertices.m */,
				5D2609FF0FF5EDD000E0C0FC /* ShapePrimitives.h */,
				5D260A000FF5EDD000E0C0FC /* ShapePrimitives.m */,
				5D260B2C0FF69CCD00E0C0FC /* TriangleStrip.h */,
				5D260B2D0FF69CCD00E0C0FC /* TriangleStrip.m */,
			);
			name = Form;
			sourceTree = "<group>";
		};
		5DBE5B250FEEDD59003176FB /* Spec */ = {
			isa = PBXGroup;
			children = (
				5DBE5CBA0FF00258003176FB /* ProcessingSpec.h */,
				5DBE5CBB0FF00258003176FB /* ProcessingSpec.m */,
				5DFB78E5100AB475001DFD19 /* P3DSpec.h */,
				5DFB78E6100AB475001DFD19 /* P3DSpec.m */,
			);
			name = Spec;
			sourceTree = "<group>";
		};
		5DBE60A00FF04F1A003176FB /* Structure */ = {
			isa = PBXGroup;
			children = (
				5DBE60A20FF04F36003176FB /* Redraw.h */,
				5DBE60A30FF04F36003176FB /* Redraw.m */,
				5DBE60A70FF05116003176FB /* Functions.h */,
				5DBE60A80FF05116003176FB /* Functions.m */,
			);
			name = Structure;
			sourceTree = "<group>";
		};
		5DBE658D0FF19B17003176FB /* Motion */ = {
			isa = PBXGroup;
			children = (
				5DBE658E0FF19B2B003176FB /* Reflection1.h */,
				5DBE658F0FF19B2B003176FB /* Reflection1.m */,
			);
			name = Motion;
			sourceTree = "<group>";
		};
		5DCE9D170FFC297500A5E7DE /* Image Processing */ = {
			isa = PBXGroup;
			children = (
				5DCE9D180FFC298D00A5E7DE /* Histogram.h */,
				5DCE9D190FFC298D00A5E7DE /* Histogram.m */,
				5DCE9D7E0FFC535F00A5E7DE /* Blur.h */,
				5DCE9D7F0FFC535F00A5E7DE /* Blur.m */,
				5DCE9E7A0FFCD4D200A5E7DE /* ImageBrightness.h */,
				5DCE9E7B0FFCD4D200A5E7DE /* ImageBrightness.m */,
			);
			name = "Image Processing";
			sourceTree = "<group>";
		};
		5DCE9D3C0FFC2F9F00A5E7DE /* Fractals and L-Systems */ = {
			isa = PBXGroup;
			children = (
				5DCE9D3E0FFC2FBF00A5E7DE /* Mandelbrot.h */,
				5DCE9D3F0FFC2FBF00A5E7DE /* Mandelbrot.m */,
				5DCE9D430FFC38F800A5E7DE /* Tree.h */,
				5DCE9D440FFC38F800A5E7DE /* Tree.m */,
			);
			name = "Fractals and L-Systems";
			sourceTree = "<group>";
		};
		5DD190E80FEA49A9006A7842 /* Examples */ = {
			isa = PBXGroup;
			children = (
				5DFB73AE1003D1D9001DFD19 /* 3D */,
				5DD191660FEA85A9006A7842 /* Topics */,
				5DD190EE0FEA49E4006A7842 /* Basics */,
				5DBE55500FEC3500003176FB /* Examples.h */,
			);
			name = Examples;
			path = Classes/Examples;
			sourceTree = "<group>";
		};
		5DD190EE0FEA49E4006A7842 /* Basics */ = {
			isa = PBXGroup;
			children = (
				5DF1FDA10FF9837F00B7AFBE /* Image */,
				5DD623210FF395D20056B47C /* Typography */,
				5DBE60A00FF04F1A003176FB /* Structure */,
				5DBE5B250FEEDD59003176FB /* Spec */,
				5DBE5AB40FEED87E003176FB /* Form */,
				5DBE57A70FEDA296003176FB /* Input */,
				5DD191670FEA89CD006A7842 /* Transform */,
				5DD191590FEA7C0A006A7842 /* Math */,
				5DD190EF0FEA49EA006A7842 /* Color */,
			);
			name = Basics;
			sourceTree = "<group>";
		};
		5DD190EF0FEA49EA006A7842 /* Color */ = {
			isa = PBXGroup;
			children = (
				5DD1912B0FEA67AD006A7842 /* Hue.h */,
				5DD1912C0FEA67AD006A7842 /* Hue.m */,
				5DBE59D90FEEA901003176FB /* Brightness.h */,
				5DBE59DA0FEEA901003176FB /* Brightness.m */,
				5DBE5A0F0FEEAC27003176FB /* Saturation.h */,
				5DBE5A100FEEAC27003176FB /* Saturation.m */,
				5DBE5A3D0FEEB836003176FB /* ColorWheel.h */,
				5DBE5A3E0FEEB836003176FB /* ColorWheel.m */,
				5DBE5A670FEEC972003176FB /* Creating.h */,
				5DBE5A680FEEC972003176FB /* Creating.m */,
				5DBE5A7B0FEECB6B003176FB /* LinearGradient.h */,
				5DBE5A7C0FEECB6B003176FB /* LinearGradient.m */,
			);
			name = Color;
			sourceTree = "<group>";
		};
		5DD191590FEA7C0A006A7842 /* Math */ = {
			isa = PBXGroup;
			children = (
				5DD1915A0FEA7C17006A7842 /* Random.h */,
				5DD1915B0FEA7C17006A7842 /* Random.m */,
				5DD1915F0FEA8184006A7842 /* Distance2D.h */,
				5DD191600FEA8185006A7842 /* Distance2D.m */,
				5DBE60DA0FF059ED003176FB /* IncrementDecrement.h */,
				5DBE60DB0FF059ED003176FB /* IncrementDecrement.m */,
				5DBE61940FF0853B003176FB /* Modulo.h */,
				5DBE61950FF0853B003176FB /* Modulo.m */,
				5DBE62E60FF14BF6003176FB /* Distance1D.h */,
				5DBE62E70FF14BF6003176FB /* Distance1D.m */,
				5DBE62FB0FF14E84003176FB /* Sine.h */,
				5DBE62FC0FF14E84003176FB /* Sine.m */,
				5DBE63010FF15315003176FB /* SineCosine.h */,
				5DBE63020FF15315003176FB /* SineCosine.m */,
				5DBE63080FF155D0003176FB /* SineWave.h */,
				5DBE63090FF155D0003176FB /* SineWave.m */,
				5DBE63570FF15EED003176FB /* AdditiveWave.h */,
				5DBE63580FF15EED003176FB /* AdditiveWave.m */,
				5DBE636B0FF16545003176FB /* PolarToCartesian.h */,
				5DBE636C0FF16545003176FB /* PolarToCartesian.m */,
				5DBE636E0FF1658E003176FB /* Arctangent.h */,
				5DBE636F0FF1658E003176FB /* Arctangent.m */,
			);
			name = Math;
			sourceTree = "<group>";
		};
		5DD191660FEA85A9006A7842 /* Topics */ = {
			isa = PBXGroup;
			children = (
				5DCE9D3C0FFC2F9F00A5E7DE /* Fractals and L-Systems */,
				5DCE9D170FFC297500A5E7DE /* Image Processing */,
				5DF1FF2C0FF9DC9E00B7AFBE /* Drawing */,
				5DF1FF280FF9DC2F00B7AFBE /* Effects */,
				5DBE658D0FF19B17003176FB /* Motion */,
			);
			name = Topics;
			sourceTree = "<group>";
		};
		5DD191670FEA89CD006A7842 /* Transform */ = {
			isa = PBXGroup;
			children = (
				5DD191680FEA89F3006A7842 /* Arm.h */,
				5DD191690FEA89F3006A7842 /* Arm.m */,
				5DD1916B0FEA89FC006A7842 /* Scale.h */,
				5DD1916C0FEA89FC006A7842 /* Scale.m */,
				5DBE62B60FF1478E003176FB /* Rotate.h */,
				5DBE62B70FF1478E003176FB /* Rotate.m */,
				5DBE62CB0FF1496A003176FB /* Translate.h */,
				5DBE62CC0FF1496A003176FB /* Translate.m */,
			);
			name = Transform;
			sourceTree = "<group>";
		};
		5DD623210FF395D20056B47C /* Typography */ = {
			isa = PBXGroup;
			children = (
				5DD623220FF395E60056B47C /* Letters.h */,
				5DD623230FF395E60056B47C /* Letters.m */,
				5DD623250FF3963F0056B47C /* Words.h */,
				5DD623260FF3963F0056B47C /* Words.m */,
			);
			name = Typography;
			sourceTree = "<group>";
		};
		5DE0CEEF100E324A0078707F /* Texture */ = {
			isa = PBXGroup;
			children = (
				5DE0CEF1100E32690078707F /* Texture1.h */,
				5DE0CEF2100E32690078707F /* Texture1.m */,
				5DE0CEF4100E32890078707F /* Texture2.h */,
				5DE0CEF5100E32890078707F /* Texture2.m */,
				5DE0CEF7100E32CE0078707F /* Texture3.h */,
				5DE0CEF8100E32CE0078707F /* Texture3.m */,
				5DE0CEFA100E33060078707F /* TextureCube.h */,
				5DE0CEFB100E33060078707F /* TextureCube.m */,
				5DE0CEFD100E335D0078707F /* TextureSphere.h */,
				5DE0CEFE100E335D0078707F /* TextureSphere.m */,
			);
			name = Texture;
			sourceTree = "<group>";
		};
		5DF1FDA10FF9837F00B7AFBE /* Image */ = {
			isa = PBXGroup;
			children = (
				5DF1FDA30FF9838F00B7AFBE /* AlphaMask.h */,
				5DF1FDA40FF9838F00B7AFBE /* AlphaMask.m */,
				5DF1FEE90FF9D2E400B7AFBE /* Pointillism.h */,
				5DF1FEEA0FF9D2E400B7AFBE /* Pointillism.m */,
				5DF101CA0FFAD70400B7AFBE /* CreateImage.h */,
				5DF101CB0FFAD70400B7AFBE /* CreateImage.m */,
				5DF103350FFB26F400B7AFBE /* LoadDisplayImage.h */,
				5DF103360FFB26F400B7AFBE /* LoadDisplayImage.m */,
				5DF103780FFB2D6B00B7AFBE /* Transparency.h */,
				5DF103790FFB2D6B00B7AFBE /* Transparency.m */,
				5DCE9C760FFC17DF00A5E7DE /* Sprite.h */,
				5DCE9C770FFC17DF00A5E7DE /* Sprite.m */,
			);
			name = Image;
			sourceTree = "<group>";
		};
		5DF1FF280FF9DC2F00B7AFBE /* Effects */ = {
			isa = PBXGroup;
			children = (
				5DF1FF290FF9DC3F00B7AFBE /* Plasma.h */,
				5DF1FF2A0FF9DC3F00B7AFBE /* Plasma.m */,
			);
			name = Effects;
			sourceTree = "<group>";
		};
		5DF1FF2C0FF9DC9E00B7AFBE /* Drawing */ = {
			isa = PBXGroup;
			children = (
				5DF1FF2D0FF9DCC500B7AFBE /* ContinuousLines.h */,
				5DF1FF2E0FF9DCC500B7AFBE /* ContinuousLines.m */,
				5DF101A50FFAD07000B7AFBE /* Pattern.h */,
				5DF101A60FFAD07000B7AFBE /* Pattern.m */,
			);
			name = Drawing;
			sourceTree = "<group>";
		};
		5DFB73AE1003D1D9001DFD19 /* 3D */ = {
			isa = PBXGroup;
			children = (
				5DE0CEEF100E324A0078707F /* Texture */,
				5D04CD62100C4D0500D0ED13 /* Lights */,
				5DFB73E21003DA64001DFD19 /* Transform */,
				5DFB73B31003D1EC001DFD19 /* Form */,
			);
			name = 3D;
			sourceTree = "<group>";
		};
		5DFB73B31003D1EC001DFD19 /* Form */ = {
			isa = PBXGroup;
			children = (
				5DFB73B41003D1FF001DFD19 /* CubicGrid.h */,
				5DFB73B51003D1FF001DFD19 /* CubicGrid.m */,
				5DFB73BA1003D4BD001DFD19 /* RGBCube.h */,
				5DFB73BB1003D4BD001DFD19 /* RGBCube.m */,
				5D04CF3A100E10F300D0ED13 /* Premitives3D.h */,
				5D04CF3B100E10F300D0ED13 /* Premitives3D.m */,
				5D04CF3D100E117700D0ED13 /* ShapeTransform.h */,
				5D04CF3E100E117700D0ED13 /* ShapeTransform.m */,
				5D04CF44100E12DA00D0ED13 /* Vertices3D.h */,
				5D04CF45100E12DA00D0ED13 /* Vertices3D.m */,
				5DE0CF00100E34D90078707F /* SpaceJunk.h */,
				5DE0CF01100E34D90078707F /* SpaceJunk.m */,
			);
			name = Form;
			sourceTree = "<group>";
		};
		5DFB73E21003DA64001DFD19 /* Transform */ = {
			isa = PBXGroup;
			children = (
				5DFB73E31003DA7C001DFD19 /* Rotate1.h */,
				5DFB73E41003DA7C001DFD19 /* Rotate1.m */,
				5DFB778910070887001DFD19 /* Rotate2.h */,
				5DFB778A10070887001DFD19 /* Rotate2.m */,
			);
			name = Transform;
			sourceTree = "<group>";
		};
/* End PBXGroup section */

/* Begin PBXHeadersBuildPhase section */
		5DA3EDC00FE69D4F0028380E /* Headers */ = {
			isa = PBXHeadersBuildPhase;
			buildActionMask = 2147483647;
			files = (
				5DA3EDF10FE6AEEC0028380E /* Processing.h in Headers */,
				5DA3EDF30FE6AEEC0028380E /* Processing+transformation.h in Headers */,
				5DA3EDF50FE6AEEC0028380E /* Processing+image.h in Headers */,
				5DA3EDF70FE6AEEC0028380E /* Processing+text.h in Headers */,
				5DA3EDFA0FE6AEEC0028380E /* Processing+color.h in Headers */,
				5DA3EDFD0FE6AEEC0028380E /* Processing+shape.h in Headers */,
				5DA3EE020FE6AEEC0028380E /* ProcessingMacros.h in Headers */,
				5DA3EE030FE6AEEC0028380E /* Processing+math.h in Headers */,
				5DA3EE080FE6AEEC0028380E /* Processing+core.h in Headers */,
				5DA3EF660FE6ED170028380E /* PGraphics2D.h in Headers */,
				5DA3EF6A0FE6F2740028380E /* PGraphics3D.h in Headers */,
				5DBE65250FF1934C003176FB /* PObject.h in Headers */,
				5DD621AD0FF2C6F80056B47C /* PStyle.h in Headers */,
				5DD626CE0FF59F480056B47C /* ProcessingTypes.h in Headers */,
				5DF1FFF50FFA1D7700B7AFBE /* PGraphics.h in Headers */,
				5DF1FFF80FFA1DBF00B7AFBE /* PGraphicsProtocol.h in Headers */,
				5DF1000B0FFAA46700B7AFBE /* PImage.h in Headers */,
				5DCE9DD50FFCB3B900A5E7DE /* ProcessingFunctions.h in Headers */,
				5DCE9EE30FFDB7A900A5E7DE /* OpenGL_support.h in Headers */,
				5DFB75F11005F9DB001DFD19 /* Processing+p3d.h in Headers */,
			);
			runOnlyForDeploymentPostprocessing = 0;
		};
/* End PBXHeadersBuildPhase section */

/* Begin PBXNativeTarget section */
		1D6058900D05DD3D006BFB54 /* iProcessing */ = {
			isa = PBXNativeTarget;
			buildConfigurationList = 1D6058960D05DD3E006BFB54 /* Build configuration list for PBXNativeTarget "iProcessing" */;
			buildPhases = (
				1D60588D0D05DD3D006BFB54 /* Resources */,
				1D60588E0D05DD3D006BFB54 /* Sources */,
				1D60588F0D05DD3D006BFB54 /* Frameworks */,
			);
			buildRules = (
			);
			dependencies = (
				5DA3EEC50FE6CC1A0028380E /* PBXTargetDependency */,
			);
			name = iProcessing;
			productName = iProcessing;
			productReference = 1D6058910D05DD3D006BFB54 /* iProcessing.app */;
			productType = "com.apple.product-type.application";
		};
		5DA3EDC30FE69D4F0028380E /* Processing */ = {
			isa = PBXNativeTarget;
			buildConfigurationList = 5DA3EDC70FE69D8D0028380E /* Build configuration list for PBXNativeTarget "Processing" */;
			buildPhases = (
				5DA3EDC00FE69D4F0028380E /* Headers */,
				5DA3EDC10FE69D4F0028380E /* Sources */,
				5DA3EDC20FE69D4F0028380E /* Frameworks */,
			);
			buildRules = (
			);
			dependencies = (
			);
			name = Processing;
			productName = Processing;
			productReference = 5DA3EDC40FE69D4F0028380E /* libProcessing.a */;
			productType = "com.apple.product-type.library.static";
		};
/* End PBXNativeTarget section */

/* Begin PBXProject section */
		29B97313FDCFA39411CA2CEA /* Project object */ = {
			isa = PBXProject;
			buildConfigurationList = C01FCF4E08A954540054247B /* Build configuration list for PBXProject "iProcessing" */;
			compatibilityVersion = "Xcode 3.1";
			hasScannedForEncodings = 1;
			mainGroup = 29B97314FDCFA39411CA2CEA /* CustomTemplate */;
			projectDirPath = "";
			projectRoot = "";
			targets = (
				1D6058900D05DD3D006BFB54 /* iProcessing */,
				5DA3EDC30FE69D4F0028380E /* Processing */,
			);
		};
/* End PBXProject section */

/* Begin PBXResourcesBuildPhase section */
		1D60588D0D05DD3D006BFB54 /* Resources */ = {
			isa = PBXResourcesBuildPhase;
			buildActionMask = 2147483647;
			files = (
				28AD733F0D9D9553002E5188 /* MainWindow.xib in Resources */,
				5DD190D30FEA48FF006A7842 /* ProcessingTestViewController.xib in Resources */,
				5DD191B70FEAADB9006A7842 /* Icon.png in Resources */,
				5DD192F50FEBD05B006A7842 /* ExampleList.xib in Resources */,
				5DD192FD0FEBD153006A7842 /* DemoView.xib in Resources */,
				5DD622D20FF302AA0056B47C /* dche.jpg in Resources */,
				5DF1FDAC0FF9856400B7AFBE /* mask.jpg in Resources */,
				5DF1FDAD0FF9856400B7AFBE /* test.jpg in Resources */,
				5DF100FC0FFAC2AC00B7AFBE /* eames.jpg in Resources */,
				5DF103390FFB27E900B7AFBE /* jelly.jpg in Resources */,
				5DCE9AD20FFB327B00A5E7DE /* construct.jpg in Resources */,
				5DCE9AD30FFB327B00A5E7DE /* wash.jpg in Resources */,
				5DCE9C750FFC17D000A5E7DE /* teddy.gif in Resources */,
				5DCE9D9E0FFC63E700A5E7DE /* trees.jpg in Resources */,
			);
			runOnlyForDeploymentPostprocessing = 0;
		};
/* End PBXResourcesBuildPhase section */

/* Begin PBXSourcesBuildPhase section */
		1D60588E0D05DD3D006BFB54 /* Sources */ = {
			isa = PBXSourcesBuildPhase;
			buildActionMask = 2147483647;
			files = (
				1D60589B0D05DD56006BFB54 /* main.m in Sources */,
				1D3623260D0F684500981E51 /* iProcessingAppDelegate.m in Sources */,
				5DD190E10FEA4970006A7842 /* ProcessingTestViewController.m in Sources */,
				5DD1912D0FEA67AD006A7842 /* Hue.m in Sources */,
				5DD1915C0FEA7C17006A7842 /* Random.m in Sources */,
				5DD191610FEA8185006A7842 /* Distance2D.m in Sources */,
				5DD1916A0FEA89F3006A7842 /* Arm.m in Sources */,
				5DD1916D0FEA89FC006A7842 /* Scale.m in Sources */,
				5DD192FB0FEBD149006A7842 /* DemoViewController.m in Sources */,
				5DD193010FEBD594006A7842 /* ExampleListController.m in Sources */,
				5DBE57AA0FEDA2A9003176FB /* Clock.m in Sources */,
				5DBE57DF0FEDA641003176FB /* Constrain.m in Sources */,
				5DBE57E30FEDA785003176FB /* Easing.m in Sources */,
				5DBE57E60FEDA86E003176FB /* StoringInput.m in Sources */,
				5DBE59DB0FEEA901003176FB /* Brightness.m in Sources */,
				5DBE5A110FEEAC27003176FB /* Saturation.m in Sources */,
				5DBE5A3F0FEEB836003176FB /* ColorWheel.m in Sources */,
				5DBE5A690FEEC972003176FB /* Creating.m in Sources */,
				5DBE5A7D0FEECB6B003176FB /* LinearGradient.m in Sources */,
				5DBE5AB70FEED88A003176FB /* PieChart.m in Sources */,
				5DBE5CBC0FF00258003176FB /* ProcessingSpec.m in Sources */,
				5DBE60A40FF04F36003176FB /* Redraw.m in Sources */,
				5DBE60A90FF05116003176FB /* Functions.m in Sources */,
				5DBE60D50FF05679003176FB /* BezierEllipse.m in Sources */,
				5DBE60DC0FF059ED003176FB /* IncrementDecrement.m in Sources */,
				5DBE61960FF0853B003176FB /* Modulo.m in Sources */,
				5DBE626B0FF111B7003176FB /* Bezier.m in Sources */,
				5DBE62B80FF1478E003176FB /* Rotate.m in Sources */,
				5DBE62CD0FF1496A003176FB /* Translate.m in Sources */,
				5DBE62E80FF14BF6003176FB /* Distance1D.m in Sources */,
				5DBE62FD0FF14E84003176FB /* Sine.m in Sources */,
				5DBE63030FF15315003176FB /* SineCosine.m in Sources */,
				5DBE630A0FF155D0003176FB /* SineWave.m in Sources */,
				5DBE63590FF15EED003176FB /* AdditiveWave.m in Sources */,
				5DBE636D0FF16545003176FB /* PolarToCartesian.m in Sources */,
				5DBE63700FF1658E003176FB /* Arctangent.m in Sources */,
				5DBE64680FF17F70003176FB /* Milliseconds.m in Sources */,
				5DBE64760FF180D3003176FB /* Mouse1D.m in Sources */,
				5DBE64860FF18256003176FB /* Mouse2D.m in Sources */,
				5DBE64940FF183CF003176FB /* MouseFunctions.m in Sources */,
				5DD622DC0FF3121F0056B47C /* Reflection1.m in Sources */,
				5DD623240FF395E60056B47C /* Letters.m in Sources */,
				5DD623270FF3963F0056B47C /* Words.m in Sources */,
				5D260A010FF5EDD000E0C0FC /* ShapePrimitives.m in Sources */,
				5D260A030FF5EDDC00E0C0FC /* Vertices.m in Sources */,
				5D260B2E0FF69CCD00E0C0FC /* TriangleStrip.m in Sources */,
				5DF1FDA50FF9838F00B7AFBE /* AlphaMask.m in Sources */,
				5DF1FEEB0FF9D2E400B7AFBE /* Pointillism.m in Sources */,
				5DF1FF2B0FF9DC3F00B7AFBE /* Plasma.m in Sources */,
				5DF1FF2F0FF9DCC500B7AFBE /* ContinuousLines.m in Sources */,
				5DF101A70FFAD07000B7AFBE /* Pattern.m in Sources */,
				5DF101CC0FFAD70400B7AFBE /* CreateImage.m in Sources */,
				5DF103370FFB26F400B7AFBE /* LoadDisplayImage.m in Sources */,
				5DF1037A0FFB2D6B00B7AFBE /* Transparency.m in Sources */,
				5DCE9C780FFC17DF00A5E7DE /* Sprite.m in Sources */,
				5DCE9D1A0FFC298D00A5E7DE /* Histogram.m in Sources */,
				5DCE9D400FFC2FBF00A5E7DE /* Mandelbrot.m in Sources */,
				5DCE9D450FFC38F800A5E7DE /* Tree.m in Sources */,
				5DCE9D800FFC535F00A5E7DE /* Blur.m in Sources */,
				5DCE9E7C0FFCD4D200A5E7DE /* ImageBrightness.m in Sources */,
				5DFB73B61003D1FF001DFD19 /* CubicGrid.m in Sources */,
				5DFB73BC1003D4BD001DFD19 /* RGBCube.m in Sources */,
				5DFB73E51003DA7C001DFD19 /* Rotate1.m in Sources */,
				5DFB778B10070887001DFD19 /* Rotate2.m in Sources */,
				5DFB78E7100AB475001DFD19 /* P3DSpec.m in Sources */,
				5D04CD7F100C4D2000D0ED13 /* LightsGL.m in Sources */,
				5D04CD82100C4EB800D0ED13 /* Directional.m in Sources */,
				5D04CD88100C4F8100D0ED13 /* Lights1.m in Sources */,
				5D04CD8B100C4FCE00D0ED13 /* Lights2.m in Sources */,
				5D04CD8E100C500600D0ED13 /* Spot.m in Sources */,
				5D04CD91100C504200D0ED13 /* Reflection.m in Sources */,
				5D04CF3C100E10F300D0ED13 /* Premitives3D.m in Sources */,
				5D04CF3F100E117700D0ED13 /* ShapeTransform.m in Sources */,
				5D04CF46100E12DA00D0ED13 /* Vertices3D.m in Sources */,
				5DE0CEF3100E32690078707F /* Texture1.m in Sources */,
				5DE0CEF6100E32890078707F /* Texture2.m in Sources */,
				5DE0CEF9100E32CE0078707F /* Texture3.m in Sources */,
				5DE0CEFC100E33060078707F /* TextureCube.m in Sources */,
				5DE0CEFF100E335D0078707F /* TextureSphere.m in Sources */,
				5DE0CF02100E34D90078707F /* SpaceJunk.m in Sources */,
			);
			runOnlyForDeploymentPostprocessing = 0;
		};
		5DA3EDC10FE69D4F0028380E /* Sources */ = {
			isa = PBXSourcesBuildPhase;
			buildActionMask = 2147483647;
			files = (
				5DA3EDF20FE6AEEC0028380E /* Processing+transformation.m in Sources */,
				5DA3EDF40FE6AEEC0028380E /* Processing+image.m in Sources */,
				5DA3EDF60FE6AEEC0028380E /* Processing+math.m in Sources */,
				5DA3EDF80FE6AEEC0028380E /* Processing+text.m in Sources */,
				5DA3EDFC0FE6AEEC0028380E /* Processing+color.m in Sources */,
				5DA3EDFE0FE6AEEC0028380E /* Processing+shape.m in Sources */,
				5DA3EE010FE6AEEC0028380E /* Processing+core.m in Sources */,
				5DA3EF670FE6ED170028380E /* PGraphics2D.m in Sources */,
				5DA3EF6B0FE6F2740028380E /* PGraphics3D.m in Sources */,
				5DBE65260FF1934C003176FB /* PObject.m in Sources */,
				5DD621AE0FF2C6F80056B47C /* PStyle.m in Sources */,
				5DF1FFF60FFA1D7700B7AFBE /* PGraphics.m in Sources */,
				5DF1000A0FFAA46700B7AFBE /* PImage.m in Sources */,
				5DFB75F21005F9DB001DFD19 /* Processing+p3d.m in Sources */,
			);
			runOnlyForDeploymentPostprocessing = 0;
		};
/* End PBXSourcesBuildPhase section */

/* Begin PBXTargetDependency section */
		5DA3EEC50FE6CC1A0028380E /* PBXTargetDependency */ = {
			isa = PBXTargetDependency;
			target = 5DA3EDC30FE69D4F0028380E /* Processing */;
			targetProxy = 5DA3EEC40FE6CC1A0028380E /* PBXContainerItemProxy */;
		};
/* End PBXTargetDependency section */

/* Begin XCBuildConfiguration section */
		1D6058940D05DD3E006BFB54 /* Debug */ = {
			isa = XCBuildConfiguration;
			buildSettings = {
				ALWAYS_SEARCH_USER_PATHS = NO;
				COPY_PHASE_STRIP = NO;
				GCC_DYNAMIC_NO_PIC = NO;
				GCC_OPTIMIZATION_LEVEL = 0;
				GCC_PRECOMPILE_PREFIX_HEADER = YES;
				GCC_PREFIX_HEADER = iProcessing_Prefix.pch;
				INFOPLIST_FILE = "iProcessing-Info.plist";
				LIBRARY_SEARCH_PATHS = (
					"$(inherited)",
					"\"$(SRCROOT)/build/Debug-iphonesimulator\"",
				);
				OTHER_LDFLAGS = (
					"-all_load",
					"-ObjC",
				);
				PRODUCT_NAME = iProcessing;
			};
			name = Debug;
		};
		1D6058950D05DD3E006BFB54 /* Release */ = {
			isa = XCBuildConfiguration;
			buildSettings = {
				ALWAYS_SEARCH_USER_PATHS = NO;
				COPY_PHASE_STRIP = YES;
				GCC_PRECOMPILE_PREFIX_HEADER = YES;
				GCC_PREFIX_HEADER = iProcessing_Prefix.pch;
				INFOPLIST_FILE = "iProcessing-Info.plist";
				LIBRARY_SEARCH_PATHS = (
					"$(inherited)",
					"\"$(SRCROOT)/build/Debug-iphonesimulator\"",
				);
				OTHER_LDFLAGS = (
					"-all_load",
					"-ObjC",
				);
				PRODUCT_NAME = iProcessing;
			};
			name = Release;
		};
		5DA3EDC50FE69D500028380E /* Debug */ = {
			isa = XCBuildConfiguration;
			buildSettings = {
				ALWAYS_SEARCH_USER_PATHS = NO;
				COPY_PHASE_STRIP = NO;
				GCC_DYNAMIC_NO_PIC = NO;
				GCC_OPTIMIZATION_LEVEL = 0;
				OTHER_LDFLAGS = "";
				PREBINDING = NO;
				PRODUCT_NAME = Processing;
			};
			name = Debug;
		};
		5DA3EDC60FE69D500028380E /* Release */ = {
			isa = XCBuildConfiguration;
			buildSettings = {
				ALWAYS_SEARCH_USER_PATHS = NO;
				COPY_PHASE_STRIP = YES;
				DEBUG_INFORMATION_FORMAT = "dwarf-with-dsym";
				GCC_ENABLE_FIX_AND_CONTINUE = NO;
				PREBINDING = NO;
				PRODUCT_NAME = Processing;
				ZERO_LINK = NO;
			};
			name = Release;
		};
		C01FCF4F08A954540054247B /* Debug */ = {
			isa = XCBuildConfiguration;
			buildSettings = {
				ARCHS = "$(ARCHS_STANDARD_32_BIT)";
				"CODE_SIGN_IDENTITY[sdk=iphoneos*]" = "iPhone Developer";
				GCC_C_LANGUAGE_STANDARD = c99;
				GCC_WARN_ABOUT_RETURN_TYPE = YES;
				GCC_WARN_UNUSED_VARIABLE = YES;
				PREBINDING = NO;
				SDKROOT = iphoneos3.0;
			};
			name = Debug;
		};
		C01FCF5008A954540054247B /* Release */ = {
			isa = XCBuildConfiguration;
			buildSettings = {
				ARCHS = "$(ARCHS_STANDARD_32_BIT)";
				"CODE_SIGN_IDENTITY[sdk=iphoneos*]" = "iPhone Developer";
				GCC_C_LANGUAGE_STANDARD = c99;
				GCC_WARN_ABOUT_RETURN_TYPE = YES;
				GCC_WARN_UNUSED_VARIABLE = YES;
				PREBINDING = NO;
				SDKROOT = iphoneos3.0;
			};
			name = Release;
		};
/* End XCBuildConfiguration section */

/* Begin XCConfigurationList section */
		1D6058960D05DD3E006BFB54 /* Build configuration list for PBXNativeTarget "iProcessing" */ = {
			isa = XCConfigurationList;
			buildConfigurations = (
				1D6058940D05DD3E006BFB54 /* Debug */,
				1D6058950D05DD3E006BFB54 /* Release */,
			);
			defaultConfigurationIsVisible = 0;
			defaultConfigurationName = Release;
		};
		5DA3EDC70FE69D8D0028380E /* Build configuration list for PBXNativeTarget "Processing" */ = {
			isa = XCConfigurationList;
			buildConfigurations = (
				5DA3EDC50FE69D500028380E /* Debug */,
				5DA3EDC60FE69D500028380E /* Release */,
			);
			defaultConfigurationIsVisible = 0;
			defaultConfigurationName = Release;
		};
		C01FCF4E08A954540054247B /* Build configuration list for PBXProject "iProcessing" */ = {
			isa = XCConfigurationList;
			buildConfigurations = (
				C01FCF4F08A954540054247B /* Debug */,
				C01FCF5008A954540054247B /* Release */,
			);
			defaultConfigurationIsVisible = 0;
			defaultConfigurationName = Release;
		};
/* End XCConfigurationList section */
	};
	rootObject = 29B97313FDCFA39411CA2CEA /* Project object */;
}
